// !$*UTF8*$!
{
	archiveVersion = 1;
	classes = {
	};
	objectVersion = 50;
	objects = {

/* Begin PBXBuildFile section */
		1EC27844266AC88700B16CFE /* CloudKit.framework in Frameworks */ = {isa = PBXBuildFile; fileRef = 1EC27843266AC88700B16CFE /* CloudKit.framework */; };
		1EC27846266ACCD200B16CFE /* Color+Ext.swift in Sources */ = {isa = PBXBuildFile; fileRef = 1EC27845266ACCD200B16CFE /* Color+Ext.swift */; };
		1EC27848266ACD5400B16CFE /* AppTabView.swift in Sources */ = {isa = PBXBuildFile; fileRef = 1EC27847266ACD5400B16CFE /* AppTabView.swift */; };
		1EC2784A266ACDA300B16CFE /* LocationMapView.swift in Sources */ = {isa = PBXBuildFile; fileRef = 1EC27849266ACDA300B16CFE /* LocationMapView.swift */; };
		1EC2784C266ACDC400B16CFE /* LocationListView.swift in Sources */ = {isa = PBXBuildFile; fileRef = 1EC2784B266ACDC400B16CFE /* LocationListView.swift */; };
		1EC2784E266ACDD500B16CFE /* ProfileView.swift in Sources */ = {isa = PBXBuildFile; fileRef = 1EC2784D266ACDD500B16CFE /* ProfileView.swift */; };
		1EC27850266BB91E00B16CFE /* LocationDetailView.swift in Sources */ = {isa = PBXBuildFile; fileRef = 1EC2784F266BB91D00B16CFE /* LocationDetailView.swift */; };
		1ED1C400280F773300A15F4F /* LocationCell.swift in Sources */ = {isa = PBXBuildFile; fileRef = 1ED1C3FF280F773300A15F4F /* LocationCell.swift */; };
		1ED1C402280F777D00A15F4F /* AvatarView.swift in Sources */ = {isa = PBXBuildFile; fileRef = 1ED1C401280F777D00A15F4F /* AvatarView.swift */; };
		1ED1C404280F7AB700A15F4F /* CustomModifiers.swift in Sources */ = {isa = PBXBuildFile; fileRef = 1ED1C403280F7AB700A15F4F /* CustomModifiers.swift */; };
		1ED1C406280F7AEE00A15F4F /* View+Ext.swift in Sources */ = {isa = PBXBuildFile; fileRef = 1ED1C405280F7AEE00A15F4F /* View+Ext.swift */; };
		1ED1C408280F7CD200A15F4F /* DDGButton.swift in Sources */ = {isa = PBXBuildFile; fileRef = 1ED1C407280F7CD200A15F4F /* DDGButton.swift */; };
		1EF1E2D726585E3200CD486F /* DubDubGrubApp.swift in Sources */ = {isa = PBXBuildFile; fileRef = 1EF1E2D626585E3200CD486F /* DubDubGrubApp.swift */; };
		1EF1E2DB26585E3600CD486F /* Assets.xcassets in Resources */ = {isa = PBXBuildFile; fileRef = 1EF1E2DA26585E3600CD486F /* Assets.xcassets */; };
		1EF1E2DE26585E3600CD486F /* Preview Assets.xcassets in Resources */ = {isa = PBXBuildFile; fileRef = 1EF1E2DD26585E3600CD486F /* Preview Assets.xcassets */; };
/* End PBXBuildFile section */

/* Begin PBXFileReference section */
		1EC27841266AC86E00B16CFE /* DubDubGrub.entitlements */ = {isa = PBXFileReference; lastKnownFileType = text.plist.entitlements; path = DubDubGrub.entitlements; sourceTree = "<group>"; };
		1EC27843266AC88700B16CFE /* CloudKit.framework */ = {isa = PBXFileReference; lastKnownFileType = wrapper.framework; name = CloudKit.framework; path = System/Library/Frameworks/CloudKit.framework; sourceTree = SDKROOT; };
		1EC27845266ACCD200B16CFE /* Color+Ext.swift */ = {isa = PBXFileReference; lastKnownFileType = sourcecode.swift; path = "Color+Ext.swift"; sourceTree = "<group>"; };
		1EC27847266ACD5400B16CFE /* AppTabView.swift */ = {isa = PBXFileReference; lastKnownFileType = sourcecode.swift; path = AppTabView.swift; sourceTree = "<group>"; };
		1EC27849266ACDA300B16CFE /* LocationMapView.swift */ = {isa = PBXFileReference; lastKnownFileType = sourcecode.swift; path = LocationMapView.swift; sourceTree = "<group>"; };
		1EC2784B266ACDC400B16CFE /* LocationListView.swift */ = {isa = PBXFileReference; lastKnownFileType = sourcecode.swift; path = LocationListView.swift; sourceTree = "<group>"; };
		1EC2784D266ACDD500B16CFE /* ProfileView.swift */ = {isa = PBXFileReference; lastKnownFileType = sourcecode.swift; path = ProfileView.swift; sourceTree = "<group>"; };
		1EC2784F266BB91D00B16CFE /* LocationDetailView.swift */ = {isa = PBXFileReference; lastKnownFileType = sourcecode.swift; path = LocationDetailView.swift; sourceTree = "<group>"; };
		1ED1C3FF280F773300A15F4F /* LocationCell.swift */ = {isa = PBXFileReference; lastKnownFileType = sourcecode.swift; path = LocationCell.swift; sourceTree = "<group>"; };
		1ED1C401280F777D00A15F4F /* AvatarView.swift */ = {isa = PBXFileReference; lastKnownFileType = sourcecode.swift; path = AvatarView.swift; sourceTree = "<group>"; };
		1ED1C403280F7AB700A15F4F /* CustomModifiers.swift */ = {isa = PBXFileReference; lastKnownFileType = sourcecode.swift; path = CustomModifiers.swift; sourceTree = "<group>"; };
		1ED1C405280F7AEE00A15F4F /* View+Ext.swift */ = {isa = PBXFileReference; lastKnownFileType = sourcecode.swift; path = "View+Ext.swift"; sourceTree = "<group>"; };
		1ED1C407280F7CD200A15F4F /* DDGButton.swift */ = {isa = PBXFileReference; lastKnownFileType = sourcecode.swift; path = DDGButton.swift; sourceTree = "<group>"; };
		1EF1E2D326585E3200CD486F /* DubDubGrub.app */ = {isa = PBXFileReference; explicitFileType = wrapper.application; includeInIndex = 0; path = DubDubGrub.app; sourceTree = BUILT_PRODUCTS_DIR; };
		1EF1E2D626585E3200CD486F /* DubDubGrubApp.swift */ = {isa = PBXFileReference; lastKnownFileType = sourcecode.swift; path = DubDubGrubApp.swift; sourceTree = "<group>"; };
		1EF1E2DA26585E3600CD486F /* Assets.xcassets */ = {isa = PBXFileReference; lastKnownFileType = folder.assetcatalog; path = Assets.xcassets; sourceTree = "<group>"; };
		1EF1E2DD26585E3600CD486F /* Preview Assets.xcassets */ = {isa = PBXFileReference; lastKnownFileType = folder.assetcatalog; path = "Preview Assets.xcassets"; sourceTree = "<group>"; };
		1EF1E2DF26585E3600CD486F /* Info.plist */ = {isa = PBXFileReference; lastKnownFileType = text.plist.xml; path = Info.plist; sourceTree = "<group>"; };
/* End PBXFileReference section */

/* Begin PBXFrameworksBuildPhase section */
		1EF1E2D026585E3200CD486F /* Frameworks */ = {
			isa = PBXFrameworksBuildPhase;
			buildActionMask = 2147483647;
			files = (
				1EC27844266AC88700B16CFE /* CloudKit.framework in Frameworks */,
			);
			runOnlyForDeploymentPostprocessing = 0;
		};
/* End PBXFrameworksBuildPhase section */

/* Begin PBXGroup section */
		1EC27842266AC88700B16CFE /* Frameworks */ = {
			isa = PBXGroup;
			children = (
				1EC27843266AC88700B16CFE /* CloudKit.framework */,
			);
			name = Frameworks;
			sourceTree = "<group>";
		};
		1ED1C409280F7E2D00A15F4F /* Extensions */ = {
			isa = PBXGroup;
			children = (
				1EC27845266ACCD200B16CFE /* Color+Ext.swift */,
				1ED1C405280F7AEE00A15F4F /* View+Ext.swift */,
			);
			path = Extensions;
			sourceTree = "<group>";
		};
		1ED1C40A280F7E4200A15F4F /* Views */ = {
			isa = PBXGroup;
			children = (
				1ED1C403280F7AB700A15F4F /* CustomModifiers.swift */,
				1ED1C40D280F7E9200A15F4F /* CustomViews */,
				1ED1C40C280F7E8700A15F4F /* Cells */,
				1ED1C40B280F7E4C00A15F4F /* Screens */,
			);
			path = Views;
			sourceTree = "<group>";
		};
		1ED1C40B280F7E4C00A15F4F /* Screens */ = {
			isa = PBXGroup;
			children = (
				1EC27847266ACD5400B16CFE /* AppTabView.swift */,
				1EC2784F266BB91D00B16CFE /* LocationDetailView.swift */,
				1EC27849266ACDA300B16CFE /* LocationMapView.swift */,
				1EC2784B266ACDC400B16CFE /* LocationListView.swift */,
				1EC2784D266ACDD500B16CFE /* ProfileView.swift */,
			);
			path = Screens;
			sourceTree = "<group>";
		};
		1ED1C40C280F7E8700A15F4F /* Cells */ = {
			isa = PBXGroup;
			children = (
				1ED1C3FF280F773300A15F4F /* LocationCell.swift */,
			);
			path = Cells;
			sourceTree = "<group>";
		};
		1ED1C40D280F7E9200A15F4F /* CustomViews */ = {
			isa = PBXGroup;
			children = (
				1ED1C401280F777D00A15F4F /* AvatarView.swift */,
				1ED1C407280F7CD200A15F4F /* DDGButton.swift */,
			);
			path = CustomViews;
			sourceTree = "<group>";
		};
		1EF1E2CA26585E3100CD486F = {
			isa = PBXGroup;
			children = (
				1EF1E2D526585E3200CD486F /* DubDubGrub */,
				1EF1E2D426585E3200CD486F /* Products */,
				1EC27842266AC88700B16CFE /* Frameworks */,
			);
			sourceTree = "<group>";
		};
		1EF1E2D426585E3200CD486F /* Products */ = {
			isa = PBXGroup;
			children = (
				1EF1E2D326585E3200CD486F /* DubDubGrub.app */,
			);
			name = Products;
			sourceTree = "<group>";
		};
		1EF1E2D526585E3200CD486F /* DubDubGrub */ = {
			isa = PBXGroup;
			children = (
				1ED1C409280F7E2D00A15F4F /* Extensions */,
				1ED1C40A280F7E4200A15F4F /* Views */,
				1EC27841266AC86E00B16CFE /* DubDubGrub.entitlements */,
				1EF1E2D626585E3200CD486F /* DubDubGrubApp.swift */,
				1EF1E2DA26585E3600CD486F /* Assets.xcassets */,
				1EF1E2DF26585E3600CD486F /* Info.plist */,
				1EF1E2DC26585E3600CD486F /* Preview Content */,
			);
			path = DubDubGrub;
			sourceTree = "<group>";
		};
		1EF1E2DC26585E3600CD486F /* Preview Content */ = {
			isa = PBXGroup;
			children = (
				1EF1E2DD26585E3600CD486F /* Preview Assets.xcassets */,
			);
			path = "Preview Content";
			sourceTree = "<group>";
		};
/* End PBXGroup section */

/* Begin PBXNativeTarget section */
		1EF1E2D226585E3200CD486F /* DubDubGrub */ = {
			isa = PBXNativeTarget;
			buildConfigurationList = 1EF1E2E226585E3600CD486F /* Build configuration list for PBXNativeTarget "DubDubGrub" */;
			buildPhases = (
				1EF1E2CF26585E3200CD486F /* Sources */,
				1EF1E2D026585E3200CD486F /* Frameworks */,
				1EF1E2D126585E3200CD486F /* Resources */,
			);
			buildRules = (
			);
			dependencies = (
			);
			name = DubDubGrub;
			productName = DubDubGrub;
			productReference = 1EF1E2D326585E3200CD486F /* DubDubGrub.app */;
			productType = "com.apple.product-type.application";
		};
/* End PBXNativeTarget section */

/* Begin PBXProject section */
		1EF1E2CB26585E3100CD486F /* Project object */ = {
			isa = PBXProject;
			attributes = {
				LastSwiftUpdateCheck = 1250;
				LastUpgradeCheck = 1250;
				TargetAttributes = {
					1EF1E2D226585E3200CD486F = {
						CreatedOnToolsVersion = 12.5;
					};
				};
			};
			buildConfigurationList = 1EF1E2CE26585E3100CD486F /* Build configuration list for PBXProject "DubDubGrub" */;
			compatibilityVersion = "Xcode 9.3";
			developmentRegion = en;
			hasScannedForEncodings = 0;
			knownRegions = (
				en,
				Base,
			);
			mainGroup = 1EF1E2CA26585E3100CD486F;
			productRefGroup = 1EF1E2D426585E3200CD486F /* Products */;
			projectDirPath = "";
			projectRoot = "";
			targets = (
				1EF1E2D226585E3200CD486F /* DubDubGrub */,
			);
		};
/* End PBXProject section */

/* Begin PBXResourcesBuildPhase section */
		1EF1E2D126585E3200CD486F /* Resources */ = {
			isa = PBXResourcesBuildPhase;
			buildActionMask = 2147483647;
			files = (
				1EF1E2DE26585E3600CD486F /* Preview Assets.xcassets in Resources */,
				1EF1E2DB26585E3600CD486F /* Assets.xcassets in Resources */,
			);
			runOnlyForDeploymentPostprocessing = 0;
		};
/* End PBXResourcesBuildPhase section */

/* Begin PBXSourcesBuildPhase section */
		1EF1E2CF26585E3200CD486F /* Sources */ = {
			isa = PBXSourcesBuildPhase;
			buildActionMask = 2147483647;
			files = (
				1EF1E2D726585E3200CD486F /* DubDubGrubApp.swift in Sources */,
				1ED1C404280F7AB700A15F4F /* CustomModifiers.swift in Sources */,
				1EC2784A266ACDA300B16CFE /* LocationMapView.swift in Sources */,
				1EC2784C266ACDC400B16CFE /* LocationListView.swift in Sources */,
				1EC27850266BB91E00B16CFE /* LocationDetailView.swift in Sources */,
				1EC27848266ACD5400B16CFE /* AppTabView.swift in Sources */,
				1EC2784E266ACDD500B16CFE /* ProfileView.swift in Sources */,
				1ED1C406280F7AEE00A15F4F /* View+Ext.swift in Sources */,
				1ED1C400280F773300A15F4F /* LocationCell.swift in Sources */,
				1ED1C408280F7CD200A15F4F /* DDGButton.swift in Sources */,
				1ED1C402280F777D00A15F4F /* AvatarView.swift in Sources */,
				1EC27846266ACCD200B16CFE /* Color+Ext.swift in Sources */,
			);
			runOnlyForDeploymentPostprocessing = 0;
		};
/* End PBXSourcesBuildPhase section */

/* Begin XCBuildConfiguration section */
		1EF1E2E026585E3600CD486F /* Debug */ = {
			isa = XCBuildConfiguration;
			buildSettings = {
				ALWAYS_SEARCH_USER_PATHS = NO;
				CLANG_ANALYZER_NONNULL = YES;
				CLANG_ANALYZER_NUMBER_OBJECT_CONVERSION = YES_AGGRESSIVE;
				CLANG_CXX_LANGUAGE_STANDARD = "gnu++14";
				CLANG_CXX_LIBRARY = "libc++";
				CLANG_ENABLE_MODULES = YES;
				CLANG_ENABLE_OBJC_ARC = YES;
				CLANG_ENABLE_OBJC_WEAK = YES;
				CLANG_WARN_BLOCK_CAPTURE_AUTORELEASING = YES;
				CLANG_WARN_BOOL_CONVERSION = YES;
				CLANG_WARN_COMMA = YES;
				CLANG_WARN_CONSTANT_CONVERSION = YES;
				CLANG_WARN_DEPRECATED_OBJC_IMPLEMENTATIONS = YES;
				CLANG_WARN_DIRECT_OBJC_ISA_USAGE = YES_ERROR;
				CLANG_WARN_DOCUMENTATION_COMMENTS = YES;
				CLANG_WARN_EMPTY_BODY = YES;
				CLANG_WARN_ENUM_CONVERSION = YES;
				CLANG_WARN_INFINITE_RECURSION = YES;
				CLANG_WARN_INT_CONVERSION = YES;
				CLANG_WARN_NON_LITERAL_NULL_CONVERSION = YES;
				CLANG_WARN_OBJC_IMPLICIT_RETAIN_SELF = YES;
				CLANG_WARN_OBJC_LITERAL_CONVERSION = YES;
				CLANG_WARN_OBJC_ROOT_CLASS = YES_ERROR;
				CLANG_WARN_QUOTED_INCLUDE_IN_FRAMEWORK_HEADER = YES;
				CLANG_WARN_RANGE_LOOP_ANALYSIS = YES;
				CLANG_WARN_STRICT_PROTOTYPES = YES;
				CLANG_WARN_SUSPICIOUS_MOVE = YES;
				CLANG_WARN_UNGUARDED_AVAILABILITY = YES_AGGRESSIVE;
				CLANG_WARN_UNREACHABLE_CODE = YES;
				CLANG_WARN__DUPLICATE_METHOD_MATCH = YES;
				COPY_PHASE_STRIP = NO;
				DEBUG_INFORMATION_FORMAT = dwarf;
				ENABLE_STRICT_OBJC_MSGSEND = YES;
				ENABLE_TESTABILITY = YES;
				GCC_C_LANGUAGE_STANDARD = gnu11;
				GCC_DYNAMIC_NO_PIC = NO;
				GCC_NO_COMMON_BLOCKS = YES;
				GCC_OPTIMIZATION_LEVEL = 0;
				GCC_PREPROCESSOR_DEFINITIONS = (
					"DEBUG=1",
					"$(inherited)",
				);
				GCC_WARN_64_TO_32_BIT_CONVERSION = YES;
				GCC_WARN_ABOUT_RETURN_TYPE = YES_ERROR;
				GCC_WARN_UNDECLARED_SELECTOR = YES;
				GCC_WARN_UNINITIALIZED_AUTOS = YES_AGGRESSIVE;
				GCC_WARN_UNUSED_FUNCTION = YES;
				GCC_WARN_UNUSED_VARIABLE = YES;
				IPHONEOS_DEPLOYMENT_TARGET = 14.5;
				MTL_ENABLE_DEBUG_INFO = INCLUDE_SOURCE;
				MTL_FAST_MATH = YES;
				ONLY_ACTIVE_ARCH = YES;
				SDKROOT = iphoneos;
				SWIFT_ACTIVE_COMPILATION_CONDITIONS = DEBUG;
				SWIFT_OPTIMIZATION_LEVEL = "-Onone";
			};
			name = Debug;
		};
		1EF1E2E126585E3600CD486F /* Release */ = {
			isa = XCBuildConfiguration;
			buildSettings = {
				ALWAYS_SEARCH_USER_PATHS = NO;
				CLANG_ANALYZER_NONNULL = YES;
				CLANG_ANALYZER_NUMBER_OBJECT_CONVERSION = YES_AGGRESSIVE;
				CLANG_CXX_LANGUAGE_STANDARD = "gnu++14";
				CLANG_CXX_LIBRARY = "libc++";
				CLANG_ENABLE_MODULES = YES;
				CLANG_ENABLE_OBJC_ARC = YES;
				CLANG_ENABLE_OBJC_WEAK = YES;
				CLANG_WARN_BLOCK_CAPTURE_AUTORELEASING = YES;
				CLANG_WARN_BOOL_CONVERSION = YES;
				CLANG_WARN_COMMA = YES;
				CLANG_WARN_CONSTANT_CONVERSION = YES;
				CLANG_WARN_DEPRECATED_OBJC_IMPLEMENTATIONS = YES;
				CLANG_WARN_DIRECT_OBJC_ISA_USAGE = YES_ERROR;
				CLANG_WARN_DOCUMENTATION_COMMENTS = YES;
				CLANG_WARN_EMPTY_BODY = YES;
				CLANG_WARN_ENUM_CONVERSION = YES;
				CLANG_WARN_INFINITE_RECURSION = YES;
				CLANG_WARN_INT_CONVERSION = YES;
				CLANG_WARN_NON_LITERAL_NULL_CONVERSION = YES;
				CLANG_WARN_OBJC_IMPLICIT_RETAIN_SELF = YES;
				CLANG_WARN_OBJC_LITERAL_CONVERSION = YES;
				CLANG_WARN_OBJC_ROOT_CLASS = YES_ERROR;
				CLANG_WARN_QUOTED_INCLUDE_IN_FRAMEWORK_HEADER = YES;
				CLANG_WARN_RANGE_LOOP_ANALYSIS = YES;
				CLANG_WARN_STRICT_PROTOTYPES = YES;
				CLANG_WARN_SUSPICIOUS_MOVE = YES;
				CLANG_WARN_UNGUARDED_AVAILABILITY = YES_AGGRESSIVE;
				CLANG_WARN_UNREACHABLE_CODE = YES;
				CLANG_WARN__DUPLICATE_METHOD_MATCH = YES;
				COPY_PHASE_STRIP = NO;
				DEBUG_INFORMATION_FORMAT = "dwarf-with-dsym";
				ENABLE_NS_ASSERTIONS = NO;
				ENABLE_STRICT_OBJC_MSGSEND = YES;
				GCC_C_LANGUAGE_STANDARD = gnu11;
				GCC_NO_COMMON_BLOCKS = YES;
				GCC_WARN_64_TO_32_BIT_CONVERSION = YES;
				GCC_WARN_ABOUT_RETURN_TYPE = YES_ERROR;
				GCC_WARN_UNDECLARED_SELECTOR = YES;
				GCC_WARN_UNINITIALIZED_AUTOS = YES_AGGRESSIVE;
				GCC_WARN_UNUSED_FUNCTION = YES;
				GCC_WARN_UNUSED_VARIABLE = YES;
				IPHONEOS_DEPLOYMENT_TARGET = 14.5;
				MTL_ENABLE_DEBUG_INFO = NO;
				MTL_FAST_MATH = YES;
				SDKROOT = iphoneos;
				SWIFT_COMPILATION_MODE = wholemodule;
				SWIFT_OPTIMIZATION_LEVEL = "-O";
				VALIDATE_PRODUCT = YES;
			};
			name = Release;
		};
		1EF1E2E326585E3600CD486F /* Debug */ = {
			isa = XCBuildConfiguration;
			buildSettings = {
				ASSETCATALOG_COMPILER_APPICON_NAME = AppIcon;
				ASSETCATALOG_COMPILER_GLOBAL_ACCENT_COLOR_NAME = AccentColor;
				CODE_SIGN_ENTITLEMENTS = DubDubGrub/DubDubGrub.entitlements;
				CODE_SIGN_STYLE = Automatic;
				DEVELOPMENT_ASSET_PATHS = "\"DubDubGrub/Preview Content\"";
				DEVELOPMENT_TEAM = XW3YJZ5VVY;
				ENABLE_PREVIEWS = YES;
				INFOPLIST_FILE = DubDubGrub/Info.plist;
				IPHONEOS_DEPLOYMENT_TARGET = 14.0;
				LD_RUNPATH_SEARCH_PATHS = (
					"$(inherited)",
					"@executable_path/Frameworks",
				);
				PRODUCT_BUNDLE_IDENTIFIER = com.themrhinos.DubDubGrubApp;
				PRODUCT_NAME = "$(TARGET_NAME)";
				SWIFT_VERSION = 5.0;
				TARGETED_DEVICE_FAMILY = "1,2";
			};
			name = Debug;
		};
		1EF1E2E426585E3600CD486F /* Release */ = {
			isa = XCBuildConfiguration;
			buildSettings = {
				ASSETCATALOG_COMPILER_APPICON_NAME = AppIcon;
				ASSETCATALOG_COMPILER_GLOBAL_ACCENT_COLOR_NAME = AccentColor;
				CODE_SIGN_ENTITLEMENTS = DubDubGrub/DubDubGrub.entitlements;
				CODE_SIGN_STYLE = Automatic;
				DEVELOPMENT_ASSET_PATHS = "\"DubDubGrub/Preview Content\"";
				DEVELOPMENT_TEAM = XW3YJZ5VVY;
				ENABLE_PREVIEWS = YES;
				INFOPLIST_FILE = DubDubGrub/Info.plist;
				IPHONEOS_DEPLOYMENT_TARGET = 14.0;
				LD_RUNPATH_SEARCH_PATHS = (
					"$(inherited)",
					"@executable_path/Frameworks",
				);
				PRODUCT_BUNDLE_IDENTIFIER = com.themrhinos.DubDubGrubApp;
				PRODUCT_NAME = "$(TARGET_NAME)";
				SWIFT_VERSION = 5.0;
				TARGETED_DEVICE_FAMILY = "1,2";
			};
			name = Release;
		};
/* End XCBuildConfiguration section */

/* Begin XCConfigurationList section */
		1EF1E2CE26585E3100CD486F /* Build configuration list for PBXProject "DubDubGrub" */ = {
			isa = XCConfigurationList;
			buildConfigurations = (
				1EF1E2E026585E3600CD486F /* Debug */,
				1EF1E2E126585E3600CD486F /* Release */,
			);
			defaultConfigurationIsVisible = 0;
			defaultConfigurationName = Release;
		};
		1EF1E2E226585E3600CD486F /* Build configuration list for PBXNativeTarget "DubDubGrub" */ = {
			isa = XCConfigurationList;
			buildConfigurations = (
				1EF1E2E326585E3600CD486F /* Debug */,
				1EF1E2E426585E3600CD486F /* Release */,
			);
			defaultConfigurationIsVisible = 0;
			defaultConfigurationName = Release;
		};
/* End XCConfigurationList section */
	};
	rootObject = 1EF1E2CB26585E3100CD486F /* Project object */;
}
