// !$*UTF8*$!
{
	archiveVersion = 1;
	classes = {
	};
	objectVersion = 51;
	objects = {

/* Begin PBXBuildFile section */
		1E40A00D25CCE161004AD3B4 /* AppDelegate.swift in Sources */ = {isa = PBXBuildFile; fileRef = 1E40A00C25CCE161004AD3B4 /* AppDelegate.swift */; };
		1E40A00F25CCE161004AD3B4 /* SceneDelegate.swift in Sources */ = {isa = PBXBuildFile; fileRef = 1E40A00E25CCE161004AD3B4 /* SceneDelegate.swift */; };
		1E40A01125CCE161004AD3B4 /* HomeViewController.swift in Sources */ = {isa = PBXBuildFile; fileRef = 1E40A01025CCE161004AD3B4 /* HomeViewController.swift */; };
		1E40A01425CCE161004AD3B4 /* Main.storyboard in Resources */ = {isa = PBXBuildFile; fileRef = 1E40A01225CCE161004AD3B4 /* Main.storyboard */; };
		1E40A01625CCE164004AD3B4 /* Assets.xcassets in Resources */ = {isa = PBXBuildFile; fileRef = 1E40A01525CCE164004AD3B4 /* Assets.xcassets */; };
		1E40A01925CCE164004AD3B4 /* LaunchScreen.storyboard in Resources */ = {isa = PBXBuildFile; fileRef = 1E40A01725CCE164004AD3B4 /* LaunchScreen.storyboard */; };
		1E40A02925CCE26A004AD3B4 /* ExploreViewController.swift in Sources */ = {isa = PBXBuildFile; fileRef = 1E40A02825CCE26A004AD3B4 /* ExploreViewController.swift */; };
		1E40A02C25CCE297004AD3B4 /* CameraViewController.swift in Sources */ = {isa = PBXBuildFile; fileRef = 1E40A02B25CCE297004AD3B4 /* CameraViewController.swift */; };
		1E40A02F25CCE2AF004AD3B4 /* NotificationsViewController.swift in Sources */ = {isa = PBXBuildFile; fileRef = 1E40A02E25CCE2AF004AD3B4 /* NotificationsViewController.swift */; };
		1E40A03225CCE2C1004AD3B4 /* ProfileViewController.swift in Sources */ = {isa = PBXBuildFile; fileRef = 1E40A03125CCE2C1004AD3B4 /* ProfileViewController.swift */; };
		1E40A03825CCE348004AD3B4 /* LoginViewController.swift in Sources */ = {isa = PBXBuildFile; fileRef = 1E40A03725CCE348004AD3B4 /* LoginViewController.swift */; };
		1E40A03C25CCE356004AD3B4 /* RegistrationViewController.swift in Sources */ = {isa = PBXBuildFile; fileRef = 1E40A03B25CCE356004AD3B4 /* RegistrationViewController.swift */; };
		1E40A03F25CCE370004AD3B4 /* PostViewController.swift in Sources */ = {isa = PBXBuildFile; fileRef = 1E40A03E25CCE370004AD3B4 /* PostViewController.swift */; };
		1E40A04225CCE395004AD3B4 /* EditProfileViewController.swift in Sources */ = {isa = PBXBuildFile; fileRef = 1E40A04125CCE395004AD3B4 /* EditProfileViewController.swift */; };
		1E40A04525CCE3AA004AD3B4 /* ListViewController.swift in Sources */ = {isa = PBXBuildFile; fileRef = 1E40A04425CCE3AA004AD3B4 /* ListViewController.swift */; };
		1E40A04B25CCE419004AD3B4 /* SettingsViewController.swift in Sources */ = {isa = PBXBuildFile; fileRef = 1E40A04A25CCE419004AD3B4 /* SettingsViewController.swift */; };
		1E40A04F25CCE653004AD3B4 /* SearchViewController.swift in Sources */ = {isa = PBXBuildFile; fileRef = 1E40A04E25CCE653004AD3B4 /* SearchViewController.swift */; };
		1E40A05225CCE668004AD3B4 /* SearchResultsViewController.swift in Sources */ = {isa = PBXBuildFile; fileRef = 1E40A05125CCE668004AD3B4 /* SearchResultsViewController.swift */; };
		1E40A05525CCE6D8004AD3B4 /* PostEditorViewController.swift in Sources */ = {isa = PBXBuildFile; fileRef = 1E40A05425CCE6D8004AD3B4 /* PostEditorViewController.swift */; };
		1E40A05825CCE6E9004AD3B4 /* PublishPostViewController.swift in Sources */ = {isa = PBXBuildFile; fileRef = 1E40A05725CCE6E9004AD3B4 /* PublishPostViewController.swift */; };
		1E40A07025D201CA004AD3B4 /* GoogleService-Info.plist in Resources */ = {isa = PBXBuildFile; fileRef = 1E40A06F25D201CA004AD3B4 /* GoogleService-Info.plist */; };
		1E40A07625D24ADA004AD3B4 /* DatabaseManager.swift in Sources */ = {isa = PBXBuildFile; fileRef = 1E40A07525D24ADA004AD3B4 /* DatabaseManager.swift */; };
		1E40A07925D24BFC004AD3B4 /* AuthManager.swift in Sources */ = {isa = PBXBuildFile; fileRef = 1E40A07825D24BFC004AD3B4 /* AuthManager.swift */; };
		1E40A07C25D24C4D004AD3B4 /* StorageManager.swift in Sources */ = {isa = PBXBuildFile; fileRef = 1E40A07B25D24C4D004AD3B4 /* StorageManager.swift */; };
		1E40C2E325DCAA6500C55FAD /* IGFeedPostTableViewCell.swift in Sources */ = {isa = PBXBuildFile; fileRef = 1E40C2E225DCAA6500C55FAD /* IGFeedPostTableViewCell.swift */; };
		1E40C2E725DDDF7100C55FAD /* IGFeedPostHeaderTableViewCell.swift in Sources */ = {isa = PBXBuildFile; fileRef = 1E40C2E625DDDF7100C55FAD /* IGFeedPostHeaderTableViewCell.swift */; };
		1E40C2EA25DDDF9A00C55FAD /* IGFeedPostActionsTableViewCell.swift in Sources */ = {isa = PBXBuildFile; fileRef = 1E40C2E925DDDF9A00C55FAD /* IGFeedPostActionsTableViewCell.swift */; };
		1E40C2ED25DDDFB900C55FAD /* IGFeedPostGeneralTableViewCell.swift in Sources */ = {isa = PBXBuildFile; fileRef = 1E40C2EC25DDDFB900C55FAD /* IGFeedPostGeneralTableViewCell.swift */; };
		1E71A5FC25DF494B008D2006 /* FormTableViewCell.swift in Sources */ = {isa = PBXBuildFile; fileRef = 1E71A5FB25DF494B008D2006 /* FormTableViewCell.swift */; };
		1E71A62125E00069008D2006 /* PhotoCollectionViewCell.swift in Sources */ = {isa = PBXBuildFile; fileRef = 1E71A62025E00069008D2006 /* PhotoCollectionViewCell.swift */; };
		1E71A62525E000B7008D2006 /* ProfileInfoHeaderCollectionReusableView.swift in Sources */ = {isa = PBXBuildFile; fileRef = 1E71A62425E000B7008D2006 /* ProfileInfoHeaderCollectionReusableView.swift */; };
		1E71A62825E000E7008D2006 /* ProfileTabsCollectionReusableView.swift in Sources */ = {isa = PBXBuildFile; fileRef = 1E71A62725E000E7008D2006 /* ProfileTabsCollectionReusableView.swift */; };
		1E71A64025E0200C008D2006 /* Models.swift in Sources */ = {isa = PBXBuildFile; fileRef = 1E71A63F25E0200C008D2006 /* Models.swift */; };
		1E71A64325E15429008D2006 /* UserFollowTableViewCell.swift in Sources */ = {isa = PBXBuildFile; fileRef = 1E71A64225E15429008D2006 /* UserFollowTableViewCell.swift */; };
		1E71A64625E163EC008D2006 /* NoNotificationsView.swift in Sources */ = {isa = PBXBuildFile; fileRef = 1E71A64525E163EC008D2006 /* NoNotificationsView.swift */; };
		1E71A64A25E16B8A008D2006 /* NotificationFollowEventTableViewCell.swift in Sources */ = {isa = PBXBuildFile; fileRef = 1E71A64925E16B8A008D2006 /* NotificationFollowEventTableViewCell.swift */; };
		1E71A64D25E16BA6008D2006 /* NotificationLikeEventTableViewCell.swift in Sources */ = {isa = PBXBuildFile; fileRef = 1E71A64C25E16BA6008D2006 /* NotificationLikeEventTableViewCell.swift */; };
		1EE2E50525D333A700913111 /* Extensions.swift in Sources */ = {isa = PBXBuildFile; fileRef = 1EE2E50425D333A700913111 /* Extensions.swift */; };
		1EE2E50825D3366200913111 /* Constants.swift in Sources */ = {isa = PBXBuildFile; fileRef = 1EE2E50725D3366200913111 /* Constants.swift */; };
		FA887D05A6827D37D00B387A /* Pods_InstaScroll.framework in Frameworks */ = {isa = PBXBuildFile; fileRef = BD4BEE564E61F0DC1FA0F73A /* Pods_InstaScroll.framework */; };
/* End PBXBuildFile section */

/* Begin PBXFileReference section */
		1E40A00925CCE161004AD3B4 /* InstaScroll.app */ = {isa = PBXFileReference; explicitFileType = wrapper.application; includeInIndex = 0; path = InstaScroll.app; sourceTree = BUILT_PRODUCTS_DIR; };
		1E40A00C25CCE161004AD3B4 /* AppDelegate.swift */ = {isa = PBXFileReference; lastKnownFileType = sourcecode.swift; path = AppDelegate.swift; sourceTree = "<group>"; };
		1E40A00E25CCE161004AD3B4 /* SceneDelegate.swift */ = {isa = PBXFileReference; lastKnownFileType = sourcecode.swift; path = SceneDelegate.swift; sourceTree = "<group>"; };
		1E40A01025CCE161004AD3B4 /* HomeViewController.swift */ = {isa = PBXFileReference; lastKnownFileType = sourcecode.swift; path = HomeViewController.swift; sourceTree = "<group>"; };
		1E40A01325CCE161004AD3B4 /* Base */ = {isa = PBXFileReference; lastKnownFileType = file.storyboard; name = Base; path = Base.lproj/Main.storyboard; sourceTree = "<group>"; };
		1E40A01525CCE164004AD3B4 /* Assets.xcassets */ = {isa = PBXFileReference; lastKnownFileType = folder.assetcatalog; path = Assets.xcassets; sourceTree = "<group>"; };
		1E40A01825CCE164004AD3B4 /* Base */ = {isa = PBXFileReference; lastKnownFileType = file.storyboard; name = Base; path = Base.lproj/LaunchScreen.storyboard; sourceTree = "<group>"; };
		1E40A01A25CCE165004AD3B4 /* Info.plist */ = {isa = PBXFileReference; lastKnownFileType = text.plist.xml; path = Info.plist; sourceTree = "<group>"; };
		1E40A02825CCE26A004AD3B4 /* ExploreViewController.swift */ = {isa = PBXFileReference; lastKnownFileType = sourcecode.swift; path = ExploreViewController.swift; sourceTree = "<group>"; };
		1E40A02B25CCE297004AD3B4 /* CameraViewController.swift */ = {isa = PBXFileReference; lastKnownFileType = sourcecode.swift; path = CameraViewController.swift; sourceTree = "<group>"; };
		1E40A02E25CCE2AF004AD3B4 /* NotificationsViewController.swift */ = {isa = PBXFileReference; lastKnownFileType = sourcecode.swift; path = NotificationsViewController.swift; sourceTree = "<group>"; };
		1E40A03125CCE2C1004AD3B4 /* ProfileViewController.swift */ = {isa = PBXFileReference; lastKnownFileType = sourcecode.swift; path = ProfileViewController.swift; sourceTree = "<group>"; };
		1E40A03725CCE348004AD3B4 /* LoginViewController.swift */ = {isa = PBXFileReference; lastKnownFileType = sourcecode.swift; path = LoginViewController.swift; sourceTree = "<group>"; };
		1E40A03B25CCE356004AD3B4 /* RegistrationViewController.swift */ = {isa = PBXFileReference; lastKnownFileType = sourcecode.swift; path = RegistrationViewController.swift; sourceTree = "<group>"; };
		1E40A03E25CCE370004AD3B4 /* PostViewController.swift */ = {isa = PBXFileReference; lastKnownFileType = sourcecode.swift; path = PostViewController.swift; sourceTree = "<group>"; };
		1E40A04125CCE395004AD3B4 /* EditProfileViewController.swift */ = {isa = PBXFileReference; lastKnownFileType = sourcecode.swift; path = EditProfileViewController.swift; sourceTree = "<group>"; };
		1E40A04425CCE3AA004AD3B4 /* ListViewController.swift */ = {isa = PBXFileReference; lastKnownFileType = sourcecode.swift; path = ListViewController.swift; sourceTree = "<group>"; };
		1E40A04A25CCE419004AD3B4 /* SettingsViewController.swift */ = {isa = PBXFileReference; lastKnownFileType = sourcecode.swift; path = SettingsViewController.swift; sourceTree = "<group>"; };
		1E40A04E25CCE653004AD3B4 /* SearchViewController.swift */ = {isa = PBXFileReference; lastKnownFileType = sourcecode.swift; path = SearchViewController.swift; sourceTree = "<group>"; };
		1E40A05125CCE668004AD3B4 /* SearchResultsViewController.swift */ = {isa = PBXFileReference; lastKnownFileType = sourcecode.swift; path = SearchResultsViewController.swift; sourceTree = "<group>"; };
		1E40A05425CCE6D8004AD3B4 /* PostEditorViewController.swift */ = {isa = PBXFileReference; lastKnownFileType = sourcecode.swift; path = PostEditorViewController.swift; sourceTree = "<group>"; };
		1E40A05725CCE6E9004AD3B4 /* PublishPostViewController.swift */ = {isa = PBXFileReference; lastKnownFileType = sourcecode.swift; path = PublishPostViewController.swift; sourceTree = "<group>"; };
		1E40A06F25D201CA004AD3B4 /* GoogleService-Info.plist */ = {isa = PBXFileReference; fileEncoding = 4; lastKnownFileType = text.plist.xml; path = "GoogleService-Info.plist"; sourceTree = "<group>"; };
		1E40A07525D24ADA004AD3B4 /* DatabaseManager.swift */ = {isa = PBXFileReference; lastKnownFileType = sourcecode.swift; path = DatabaseManager.swift; sourceTree = "<group>"; };
		1E40A07825D24BFC004AD3B4 /* AuthManager.swift */ = {isa = PBXFileReference; lastKnownFileType = sourcecode.swift; path = AuthManager.swift; sourceTree = "<group>"; };
		1E40A07B25D24C4D004AD3B4 /* StorageManager.swift */ = {isa = PBXFileReference; lastKnownFileType = sourcecode.swift; path = StorageManager.swift; sourceTree = "<group>"; };
		1E40C2E225DCAA6500C55FAD /* IGFeedPostTableViewCell.swift */ = {isa = PBXFileReference; lastKnownFileType = sourcecode.swift; path = IGFeedPostTableViewCell.swift; sourceTree = "<group>"; };
		1E40C2E625DDDF7100C55FAD /* IGFeedPostHeaderTableViewCell.swift */ = {isa = PBXFileReference; lastKnownFileType = sourcecode.swift; path = IGFeedPostHeaderTableViewCell.swift; sourceTree = "<group>"; };
		1E40C2E925DDDF9A00C55FAD /* IGFeedPostActionsTableViewCell.swift */ = {isa = PBXFileReference; lastKnownFileType = sourcecode.swift; path = IGFeedPostActionsTableViewCell.swift; sourceTree = "<group>"; };
		1E40C2EC25DDDFB900C55FAD /* IGFeedPostGeneralTableViewCell.swift */ = {isa = PBXFileReference; lastKnownFileType = sourcecode.swift; path = IGFeedPostGeneralTableViewCell.swift; sourceTree = "<group>"; };
		1E71A5FB25DF494B008D2006 /* FormTableViewCell.swift */ = {isa = PBXFileReference; lastKnownFileType = sourcecode.swift; path = FormTableViewCell.swift; sourceTree = "<group>"; };
		1E71A62025E00069008D2006 /* PhotoCollectionViewCell.swift */ = {isa = PBXFileReference; lastKnownFileType = sourcecode.swift; path = PhotoCollectionViewCell.swift; sourceTree = "<group>"; };
		1E71A62425E000B7008D2006 /* ProfileInfoHeaderCollectionReusableView.swift */ = {isa = PBXFileReference; lastKnownFileType = sourcecode.swift; path = ProfileInfoHeaderCollectionReusableView.swift; sourceTree = "<group>"; };
		1E71A62725E000E7008D2006 /* ProfileTabsCollectionReusableView.swift */ = {isa = PBXFileReference; lastKnownFileType = sourcecode.swift; path = ProfileTabsCollectionReusableView.swift; sourceTree = "<group>"; };
		1E71A63F25E0200C008D2006 /* Models.swift */ = {isa = PBXFileReference; lastKnownFileType = sourcecode.swift; path = Models.swift; sourceTree = "<group>"; };
		1E71A64225E15429008D2006 /* UserFollowTableViewCell.swift */ = {isa = PBXFileReference; lastKnownFileType = sourcecode.swift; path = UserFollowTableViewCell.swift; sourceTree = "<group>"; };
		1E71A64525E163EC008D2006 /* NoNotificationsView.swift */ = {isa = PBXFileReference; lastKnownFileType = sourcecode.swift; path = NoNotificationsView.swift; sourceTree = "<group>"; };
		1E71A64925E16B8A008D2006 /* NotificationFollowEventTableViewCell.swift */ = {isa = PBXFileReference; lastKnownFileType = sourcecode.swift; path = NotificationFollowEventTableViewCell.swift; sourceTree = "<group>"; };
		1E71A64C25E16BA6008D2006 /* NotificationLikeEventTableViewCell.swift */ = {isa = PBXFileReference; lastKnownFileType = sourcecode.swift; path = NotificationLikeEventTableViewCell.swift; sourceTree = "<group>"; };
		1EE2E50425D333A700913111 /* Extensions.swift */ = {isa = PBXFileReference; lastKnownFileType = sourcecode.swift; path = Extensions.swift; sourceTree = "<group>"; };
		1EE2E50725D3366200913111 /* Constants.swift */ = {isa = PBXFileReference; lastKnownFileType = sourcecode.swift; path = Constants.swift; sourceTree = "<group>"; };
		3AA3ABBBF324010A520D0B83 /* Pods-InstaScroll.release.xcconfig */ = {isa = PBXFileReference; includeInIndex = 1; lastKnownFileType = text.xcconfig; name = "Pods-InstaScroll.release.xcconfig"; path = "Target Support Files/Pods-InstaScroll/Pods-InstaScroll.release.xcconfig"; sourceTree = "<group>"; };
		B12ECF2A9B28BECFDF222B51 /* Pods-InstaScroll.debug.xcconfig */ = {isa = PBXFileReference; includeInIndex = 1; lastKnownFileType = text.xcconfig; name = "Pods-InstaScroll.debug.xcconfig"; path = "Target Support Files/Pods-InstaScroll/Pods-InstaScroll.debug.xcconfig"; sourceTree = "<group>"; };
		BD4BEE564E61F0DC1FA0F73A /* Pods_InstaScroll.framework */ = {isa = PBXFileReference; explicitFileType = wrapper.framework; includeInIndex = 0; path = Pods_InstaScroll.framework; sourceTree = BUILT_PRODUCTS_DIR; };
/* End PBXFileReference section */

/* Begin PBXFrameworksBuildPhase section */
		1E40A00625CCE161004AD3B4 /* Frameworks */ = {
			isa = PBXFrameworksBuildPhase;
			buildActionMask = 2147483647;
			files = (
				FA887D05A6827D37D00B387A /* Pods_InstaScroll.framework in Frameworks */,
			);
			runOnlyForDeploymentPostprocessing = 0;
		};
/* End PBXFrameworksBuildPhase section */

/* Begin PBXGroup section */
		1E40A00025CCE161004AD3B4 = {
			isa = PBXGroup;
			children = (
				1E40A00B25CCE161004AD3B4 /* InstaScroll */,
				1E40A00A25CCE161004AD3B4 /* Products */,
				4D338B78260D67461BDF4E64 /* Pods */,
				CDB5DB3F0DA2A14A5BC8A3AF /* Frameworks */,
			);
			sourceTree = "<group>";
		};
		1E40A00A25CCE161004AD3B4 /* Products */ = {
			isa = PBXGroup;
			children = (
				1E40A00925CCE161004AD3B4 /* InstaScroll.app */,
			);
			name = Products;
			sourceTree = "<group>";
		};
		1E40A00B25CCE161004AD3B4 /* InstaScroll */ = {
			isa = PBXGroup;
			children = (
				1E40A02425CCE182004AD3B4 /* Resources */,
				1E40A02225CCE177004AD3B4 /* Models */,
				1E40A02525CCE1AD004AD3B4 /* Views */,
				1E40A02125CCE16B004AD3B4 /* Controllers */,
				1E40A01A25CCE165004AD3B4 /* Info.plist */,
			);
			path = InstaScroll;
			sourceTree = "<group>";
		};
		1E40A02125CCE16B004AD3B4 /* Controllers */ = {
			isa = PBXGroup;
			children = (
				1E40A03525CCE31F004AD3B4 /* Other */,
				1E40A03425CCE2CC004AD3B4 /* Core_Tabs */,
			);
			path = Controllers;
			sourceTree = "<group>";
		};
		1E40A02225CCE177004AD3B4 /* Models */ = {
			isa = PBXGroup;
			children = (
				1E71A63F25E0200C008D2006 /* Models.swift */,
			);
			path = Models;
			sourceTree = "<group>";
		};
		1E40A02425CCE182004AD3B4 /* Resources */ = {
			isa = PBXGroup;
			children = (
				1E40A06F25D201CA004AD3B4 /* GoogleService-Info.plist */,
				1E40A00C25CCE161004AD3B4 /* AppDelegate.swift */,
				1E40A00E25CCE161004AD3B4 /* SceneDelegate.swift */,
				1E40A07525D24ADA004AD3B4 /* DatabaseManager.swift */,
				1E40A07825D24BFC004AD3B4 /* AuthManager.swift */,
				1E40A07B25D24C4D004AD3B4 /* StorageManager.swift */,
				1EE2E50425D333A700913111 /* Extensions.swift */,
				1EE2E50725D3366200913111 /* Constants.swift */,
			);
			path = Resources;
			sourceTree = "<group>";
		};
		1E40A02525CCE1AD004AD3B4 /* Views */ = {
			isa = PBXGroup;
			children = (
				1E71A61F25E00018008D2006 /* CollectionViewHeaders */,
				1EF354BC25DCA8810013E54E /* Cells */,
				1E40A01525CCE164004AD3B4 /* Assets.xcassets */,
				1E40A02625CCE201004AD3B4 /* Storyboards */,
				1E71A64525E163EC008D2006 /* NoNotificationsView.swift */,
			);
			path = Views;
			sourceTree = "<group>";
		};
		1E40A02625CCE201004AD3B4 /* Storyboards */ = {
			isa = PBXGroup;
			children = (
				1E40A01225CCE161004AD3B4 /* Main.storyboard */,
				1E40A01725CCE164004AD3B4 /* LaunchScreen.storyboard */,
			);
			path = Storyboards;
			sourceTree = "<group>";
		};
		1E40A03425CCE2CC004AD3B4 /* Core_Tabs */ = {
			isa = PBXGroup;
			children = (
				1E40A01025CCE161004AD3B4 /* HomeViewController.swift */,
				1E40A02825CCE26A004AD3B4 /* ExploreViewController.swift */,
				1E40A02B25CCE297004AD3B4 /* CameraViewController.swift */,
				1E40A02E25CCE2AF004AD3B4 /* NotificationsViewController.swift */,
				1E40A03125CCE2C1004AD3B4 /* ProfileViewController.swift */,
			);
			path = Core_Tabs;
			sourceTree = "<group>";
		};
		1E40A03525CCE31F004AD3B4 /* Other */ = {
			isa = PBXGroup;
			children = (
				1E40A03625CCE32E004AD3B4 /* Onboarding */,
				1E40A07325D24A15004AD3B4 /* General */,
			);
			path = Other;
			sourceTree = "<group>";
		};
		1E40A03625CCE32E004AD3B4 /* Onboarding */ = {
			isa = PBXGroup;
			children = (
				1E40A03725CCE348004AD3B4 /* LoginViewController.swift */,
				1E40A03B25CCE356004AD3B4 /* RegistrationViewController.swift */,
			);
			path = Onboarding;
			sourceTree = "<group>";
		};
		1E40A07325D24A15004AD3B4 /* General */ = {
			isa = PBXGroup;
			children = (
				1E40A03E25CCE370004AD3B4 /* PostViewController.swift */,
				1E40A04125CCE395004AD3B4 /* EditProfileViewController.swift */,
				1E40A04425CCE3AA004AD3B4 /* ListViewController.swift */,
				1E40A04A25CCE419004AD3B4 /* SettingsViewController.swift */,
				1E40A04E25CCE653004AD3B4 /* SearchViewController.swift */,
				1E40A05125CCE668004AD3B4 /* SearchResultsViewController.swift */,
				1E40A05425CCE6D8004AD3B4 /* PostEditorViewController.swift */,
				1E40A05725CCE6E9004AD3B4 /* PublishPostViewController.swift */,
			);
			path = General;
			sourceTree = "<group>";
		};
		1E40C2E525DDDF4B00C55FAD /* Home Feed & Posts */ = {
			isa = PBXGroup;
			children = (
				1E40C2E225DCAA6500C55FAD /* IGFeedPostTableViewCell.swift */,
				1E40C2E625DDDF7100C55FAD /* IGFeedPostHeaderTableViewCell.swift */,
				1E40C2E925DDDF9A00C55FAD /* IGFeedPostActionsTableViewCell.swift */,
				1E40C2EC25DDDFB900C55FAD /* IGFeedPostGeneralTableViewCell.swift */,
			);
			path = "Home Feed & Posts";
			sourceTree = "<group>";
		};
		1E71A61F25E00018008D2006 /* CollectionViewHeaders */ = {
			isa = PBXGroup;
			children = (
				1E71A62425E000B7008D2006 /* ProfileInfoHeaderCollectionReusableView.swift */,
				1E71A62725E000E7008D2006 /* ProfileTabsCollectionReusableView.swift */,
			);
			path = CollectionViewHeaders;
			sourceTree = "<group>";
		};
		1E71A64825E16B1D008D2006 /* Notifications */ = {
			isa = PBXGroup;
			children = (
				1E71A64925E16B8A008D2006 /* NotificationFollowEventTableViewCell.swift */,
				1E71A64C25E16BA6008D2006 /* NotificationLikeEventTableViewCell.swift */,
			);
			path = Notifications;
			sourceTree = "<group>";
		};
		1EF354BC25DCA8810013E54E /* Cells */ = {
			isa = PBXGroup;
			children = (
				1E71A64825E16B1D008D2006 /* Notifications */,
				1E40C2E525DDDF4B00C55FAD /* Home Feed & Posts */,
				1E71A5FB25DF494B008D2006 /* FormTableViewCell.swift */,
				1E71A62025E00069008D2006 /* PhotoCollectionViewCell.swift */,
				1E71A64225E15429008D2006 /* UserFollowTableViewCell.swift */,
			);
			path = Cells;
			sourceTree = "<group>";
		};
		4D338B78260D67461BDF4E64 /* Pods */ = {
			isa = PBXGroup;
			children = (
				B12ECF2A9B28BECFDF222B51 /* Pods-InstaScroll.debug.xcconfig */,
				3AA3ABBBF324010A520D0B83 /* Pods-InstaScroll.release.xcconfig */,
			);
			path = Pods;
			sourceTree = "<group>";
		};
		CDB5DB3F0DA2A14A5BC8A3AF /* Frameworks */ = {
			isa = PBXGroup;
			children = (
				BD4BEE564E61F0DC1FA0F73A /* Pods_InstaScroll.framework */,
			);
			name = Frameworks;
			sourceTree = "<group>";
		};
/* End PBXGroup section */

/* Begin PBXNativeTarget section */
		1E40A00825CCE161004AD3B4 /* InstaScroll */ = {
			isa = PBXNativeTarget;
			buildConfigurationList = 1E40A01D25CCE165004AD3B4 /* Build configuration list for PBXNativeTarget "InstaScroll" */;
			buildPhases = (
				F02031A170D8AB5BFE456B07 /* [CP] Check Pods Manifest.lock */,
				1E40A00525CCE161004AD3B4 /* Sources */,
				1E40A00625CCE161004AD3B4 /* Frameworks */,
				1E40A00725CCE161004AD3B4 /* Resources */,
				68187C17E8D0CE040854114A /* [CP] Embed Pods Frameworks */,
			);
			buildRules = (
			);
			dependencies = (
			);
			name = InstaScroll;
			productName = InstaScroll;
			productReference = 1E40A00925CCE161004AD3B4 /* InstaScroll.app */;
			productType = "com.apple.product-type.application";
		};
/* End PBXNativeTarget section */

/* Begin PBXProject section */
		1E40A00125CCE161004AD3B4 /* Project object */ = {
			isa = PBXProject;
			attributes = {
				LastSwiftUpdateCheck = 1240;
				LastUpgradeCheck = 1240;
				TargetAttributes = {
					1E40A00825CCE161004AD3B4 = {
						CreatedOnToolsVersion = 12.4;
					};
				};
			};
			buildConfigurationList = 1E40A00425CCE161004AD3B4 /* Build configuration list for PBXProject "InstaScroll" */;
			compatibilityVersion = "Xcode 9.3";
			developmentRegion = en;
			hasScannedForEncodings = 0;
			knownRegions = (
				en,
				Base,
			);
			mainGroup = 1E40A00025CCE161004AD3B4;
			productRefGroup = 1E40A00A25CCE161004AD3B4 /* Products */;
			projectDirPath = "";
			projectRoot = "";
			targets = (
				1E40A00825CCE161004AD3B4 /* InstaScroll */,
			);
		};
/* End PBXProject section */

/* Begin PBXResourcesBuildPhase section */
		1E40A00725CCE161004AD3B4 /* Resources */ = {
			isa = PBXResourcesBuildPhase;
			buildActionMask = 2147483647;
			files = (
				1E40A01925CCE164004AD3B4 /* LaunchScreen.storyboard in Resources */,
				1E40A01625CCE164004AD3B4 /* Assets.xcassets in Resources */,
				1E40A01425CCE161004AD3B4 /* Main.storyboard in Resources */,
				1E40A07025D201CA004AD3B4 /* GoogleService-Info.plist in Resources */,
			);
			runOnlyForDeploymentPostprocessing = 0;
		};
/* End PBXResourcesBuildPhase section */

/* Begin PBXShellScriptBuildPhase section */
		68187C17E8D0CE040854114A /* [CP] Embed Pods Frameworks */ = {
			isa = PBXShellScriptBuildPhase;
			buildActionMask = 2147483647;
			files = (
			);
			inputFileListPaths = (
				"${PODS_ROOT}/Target Support Files/Pods-InstaScroll/Pods-InstaScroll-frameworks-${CONFIGURATION}-input-files.xcfilelist",
			);
			name = "[CP] Embed Pods Frameworks";
			outputFileListPaths = (
				"${PODS_ROOT}/Target Support Files/Pods-InstaScroll/Pods-InstaScroll-frameworks-${CONFIGURATION}-output-files.xcfilelist",
			);
			runOnlyForDeploymentPostprocessing = 0;
			shellPath = /bin/sh;
			shellScript = "\"${PODS_ROOT}/Target Support Files/Pods-InstaScroll/Pods-InstaScroll-frameworks.sh\"\n";
			showEnvVarsInLog = 0;
		};
		F02031A170D8AB5BFE456B07 /* [CP] Check Pods Manifest.lock */ = {
			isa = PBXShellScriptBuildPhase;
			buildActionMask = 2147483647;
			files = (
			);
			inputFileListPaths = (
			);
			inputPaths = (
				"${PODS_PODFILE_DIR_PATH}/Podfile.lock",
				"${PODS_ROOT}/Manifest.lock",
			);
			name = "[CP] Check Pods Manifest.lock";
			outputFileListPaths = (
			);
			outputPaths = (
				"$(DERIVED_FILE_DIR)/Pods-InstaScroll-checkManifestLockResult.txt",
			);
			runOnlyForDeploymentPostprocessing = 0;
			shellPath = /bin/sh;
			shellScript = "diff \"${PODS_PODFILE_DIR_PATH}/Podfile.lock\" \"${PODS_ROOT}/Manifest.lock\" > /dev/null\nif [ $? != 0 ] ; then\n    # print error to STDERR\n    echo \"error: The sandbox is not in sync with the Podfile.lock. Run 'pod install' or update your CocoaPods installation.\" >&2\n    exit 1\nfi\n# This output is used by Xcode 'outputs' to avoid re-running this script phase.\necho \"SUCCESS\" > \"${SCRIPT_OUTPUT_FILE_0}\"\n";
			showEnvVarsInLog = 0;
		};
/* End PBXShellScriptBuildPhase section */

/* Begin PBXSourcesBuildPhase section */
		1E40A00525CCE161004AD3B4 /* Sources */ = {
			isa = PBXSourcesBuildPhase;
			buildActionMask = 2147483647;
			files = (
				1E40A04225CCE395004AD3B4 /* EditProfileViewController.swift in Sources */,
				1EE2E50825D3366200913111 /* Constants.swift in Sources */,
				1E40A02925CCE26A004AD3B4 /* ExploreViewController.swift in Sources */,
				1E40A05825CCE6E9004AD3B4 /* PublishPostViewController.swift in Sources */,
				1E40C2E725DDDF7100C55FAD /* IGFeedPostHeaderTableViewCell.swift in Sources */,
				1E40A04525CCE3AA004AD3B4 /* ListViewController.swift in Sources */,
				1E40A02C25CCE297004AD3B4 /* CameraViewController.swift in Sources */,
				1E40A05225CCE668004AD3B4 /* SearchResultsViewController.swift in Sources */,
				1E40C2ED25DDDFB900C55FAD /* IGFeedPostGeneralTableViewCell.swift in Sources */,
				1E40A05525CCE6D8004AD3B4 /* PostEditorViewController.swift in Sources */,
				1E71A5FC25DF494B008D2006 /* FormTableViewCell.swift in Sources */,
				1E71A64625E163EC008D2006 /* NoNotificationsView.swift in Sources */,
				1E40C2E325DCAA6500C55FAD /* IGFeedPostTableViewCell.swift in Sources */,
				1E40A07C25D24C4D004AD3B4 /* StorageManager.swift in Sources */,
				1E71A64D25E16BA6008D2006 /* NotificationLikeEventTableViewCell.swift in Sources */,
				1E71A64A25E16B8A008D2006 /* NotificationFollowEventTableViewCell.swift in Sources */,
				1E71A64325E15429008D2006 /* UserFollowTableViewCell.swift in Sources */,
				1E40A01125CCE161004AD3B4 /* HomeViewController.swift in Sources */,
				1E40A07625D24ADA004AD3B4 /* DatabaseManager.swift in Sources */,
				1E71A62525E000B7008D2006 /* ProfileInfoHeaderCollectionReusableView.swift in Sources */,
				1E40A03C25CCE356004AD3B4 /* RegistrationViewController.swift in Sources */,
				1E40A03F25CCE370004AD3B4 /* PostViewController.swift in Sources */,
				1E40A02F25CCE2AF004AD3B4 /* NotificationsViewController.swift in Sources */,
				1E71A62825E000E7008D2006 /* ProfileTabsCollectionReusableView.swift in Sources */,
				1EE2E50525D333A700913111 /* Extensions.swift in Sources */,
				1E40A04F25CCE653004AD3B4 /* SearchViewController.swift in Sources */,
				1E40A04B25CCE419004AD3B4 /* SettingsViewController.swift in Sources */,
				1E40A07925D24BFC004AD3B4 /* AuthManager.swift in Sources */,
				1E71A64025E0200C008D2006 /* Models.swift in Sources */,
				1E40A03825CCE348004AD3B4 /* LoginViewController.swift in Sources */,
				1E40A03225CCE2C1004AD3B4 /* ProfileViewController.swift in Sources */,
				1E40C2EA25DDDF9A00C55FAD /* IGFeedPostActionsTableViewCell.swift in Sources */,
				1E71A62125E00069008D2006 /* PhotoCollectionViewCell.swift in Sources */,
				1E40A00D25CCE161004AD3B4 /* AppDelegate.swift in Sources */,
				1E40A00F25CCE161004AD3B4 /* SceneDelegate.swift in Sources */,
			);
			runOnlyForDeploymentPostprocessing = 0;
		};
/* End PBXSourcesBuildPhase section */

/* Begin PBXVariantGroup section */
		1E40A01225CCE161004AD3B4 /* Main.storyboard */ = {
			isa = PBXVariantGroup;
			children = (
				1E40A01325CCE161004AD3B4 /* Base */,
			);
			name = Main.storyboard;
			sourceTree = "<group>";
		};
		1E40A01725CCE164004AD3B4 /* LaunchScreen.storyboard */ = {
			isa = PBXVariantGroup;
			children = (
				1E40A01825CCE164004AD3B4 /* Base */,
			);
			name = LaunchScreen.storyboard;
			sourceTree = "<group>";
		};
/* End PBXVariantGroup section */

/* Begin XCBuildConfiguration section */
		1E40A01B25CCE165004AD3B4 /* Debug */ = {
			isa = XCBuildConfiguration;
			buildSettings = {
				ALWAYS_SEARCH_USER_PATHS = NO;
				CLANG_ANALYZER_NONNULL = YES;
				CLANG_ANALYZER_NUMBER_OBJECT_CONVERSION = YES_AGGRESSIVE;
				CLANG_CXX_LANGUAGE_STANDARD = "gnu++14";
				CLANG_CXX_LIBRARY = "libc++";
				CLANG_ENABLE_MODULES = YES;
				CLANG_ENABLE_OBJC_ARC = YES;
				CLANG_ENABLE_OBJC_WEAK = YES;
				CLANG_WARN_BLOCK_CAPTURE_AUTORELEASING = YES;
				CLANG_WARN_BOOL_CONVERSION = YES;
				CLANG_WARN_COMMA = YES;
				CLANG_WARN_CONSTANT_CONVERSION = YES;
				CLANG_WARN_DEPRECATED_OBJC_IMPLEMENTATIONS = YES;
				CLANG_WARN_DIRECT_OBJC_ISA_USAGE = YES_ERROR;
				CLANG_WARN_DOCUMENTATION_COMMENTS = YES;
				CLANG_WARN_EMPTY_BODY = YES;
				CLANG_WARN_ENUM_CONVERSION = YES;
				CLANG_WARN_INFINITE_RECURSION = YES;
				CLANG_WARN_INT_CONVERSION = YES;
				CLANG_WARN_NON_LITERAL_NULL_CONVERSION = YES;
				CLANG_WARN_OBJC_IMPLICIT_RETAIN_SELF = YES;
				CLANG_WARN_OBJC_LITERAL_CONVERSION = YES;
				CLANG_WARN_OBJC_ROOT_CLASS = YES_ERROR;
				CLANG_WARN_QUOTED_INCLUDE_IN_FRAMEWORK_HEADER = YES;
				CLANG_WARN_RANGE_LOOP_ANALYSIS = YES;
				CLANG_WARN_STRICT_PROTOTYPES = YES;
				CLANG_WARN_SUSPICIOUS_MOVE = YES;
				CLANG_WARN_UNGUARDED_AVAILABILITY = YES_AGGRESSIVE;
				CLANG_WARN_UNREACHABLE_CODE = YES;
				CLANG_WARN__DUPLICATE_METHOD_MATCH = YES;
				COPY_PHASE_STRIP = NO;
				DEBUG_INFORMATION_FORMAT = dwarf;
				ENABLE_STRICT_OBJC_MSGSEND = YES;
				ENABLE_TESTABILITY = YES;
				GCC_C_LANGUAGE_STANDARD = gnu11;
				GCC_DYNAMIC_NO_PIC = NO;
				GCC_NO_COMMON_BLOCKS = YES;
				GCC_OPTIMIZATION_LEVEL = 0;
				GCC_PREPROCESSOR_DEFINITIONS = (
					"DEBUG=1",
					"$(inherited)",
				);
				GCC_WARN_64_TO_32_BIT_CONVERSION = YES;
				GCC_WARN_ABOUT_RETURN_TYPE = YES_ERROR;
				GCC_WARN_UNDECLARED_SELECTOR = YES;
				GCC_WARN_UNINITIALIZED_AUTOS = YES_AGGRESSIVE;
				GCC_WARN_UNUSED_FUNCTION = YES;
				GCC_WARN_UNUSED_VARIABLE = YES;
				IPHONEOS_DEPLOYMENT_TARGET = 14.4;
				MTL_ENABLE_DEBUG_INFO = INCLUDE_SOURCE;
				MTL_FAST_MATH = YES;
				ONLY_ACTIVE_ARCH = YES;
				SDKROOT = iphoneos;
				SWIFT_ACTIVE_COMPILATION_CONDITIONS = DEBUG;
				SWIFT_OPTIMIZATION_LEVEL = "-Onone";
			};
			name = Debug;
		};
		1E40A01C25CCE165004AD3B4 /* Release */ = {
			isa = XCBuildConfiguration;
			buildSettings = {
				ALWAYS_SEARCH_USER_PATHS = NO;
				CLANG_ANALYZER_NONNULL = YES;
				CLANG_ANALYZER_NUMBER_OBJECT_CONVERSION = YES_AGGRESSIVE;
				CLANG_CXX_LANGUAGE_STANDARD = "gnu++14";
				CLANG_CXX_LIBRARY = "libc++";
				CLANG_ENABLE_MODULES = YES;
				CLANG_ENABLE_OBJC_ARC = YES;
				CLANG_ENABLE_OBJC_WEAK = YES;
				CLANG_WARN_BLOCK_CAPTURE_AUTORELEASING = YES;
				CLANG_WARN_BOOL_CONVERSION = YES;
				CLANG_WARN_COMMA = YES;
				CLANG_WARN_CONSTANT_CONVERSION = YES;
				CLANG_WARN_DEPRECATED_OBJC_IMPLEMENTATIONS = YES;
				CLANG_WARN_DIRECT_OBJC_ISA_USAGE = YES_ERROR;
				CLANG_WARN_DOCUMENTATION_COMMENTS = YES;
				CLANG_WARN_EMPTY_BODY = YES;
				CLANG_WARN_ENUM_CONVERSION = YES;
				CLANG_WARN_INFINITE_RECURSION = YES;
				CLANG_WARN_INT_CONVERSION = YES;
				CLANG_WARN_NON_LITERAL_NULL_CONVERSION = YES;
				CLANG_WARN_OBJC_IMPLICIT_RETAIN_SELF = YES;
				CLANG_WARN_OBJC_LITERAL_CONVERSION = YES;
				CLANG_WARN_OBJC_ROOT_CLASS = YES_ERROR;
				CLANG_WARN_QUOTED_INCLUDE_IN_FRAMEWORK_HEADER = YES;
				CLANG_WARN_RANGE_LOOP_ANALYSIS = YES;
				CLANG_WARN_STRICT_PROTOTYPES = YES;
				CLANG_WARN_SUSPICIOUS_MOVE = YES;
				CLANG_WARN_UNGUARDED_AVAILABILITY = YES_AGGRESSIVE;
				CLANG_WARN_UNREACHABLE_CODE = YES;
				CLANG_WARN__DUPLICATE_METHOD_MATCH = YES;
				COPY_PHASE_STRIP = NO;
				DEBUG_INFORMATION_FORMAT = "dwarf-with-dsym";
				ENABLE_NS_ASSERTIONS = NO;
				ENABLE_STRICT_OBJC_MSGSEND = YES;
				GCC_C_LANGUAGE_STANDARD = gnu11;
				GCC_NO_COMMON_BLOCKS = YES;
				GCC_WARN_64_TO_32_BIT_CONVERSION = YES;
				GCC_WARN_ABOUT_RETURN_TYPE = YES_ERROR;
				GCC_WARN_UNDECLARED_SELECTOR = YES;
				GCC_WARN_UNINITIALIZED_AUTOS = YES_AGGRESSIVE;
				GCC_WARN_UNUSED_FUNCTION = YES;
				GCC_WARN_UNUSED_VARIABLE = YES;
				IPHONEOS_DEPLOYMENT_TARGET = 14.4;
				MTL_ENABLE_DEBUG_INFO = NO;
				MTL_FAST_MATH = YES;
				SDKROOT = iphoneos;
				SWIFT_COMPILATION_MODE = wholemodule;
				SWIFT_OPTIMIZATION_LEVEL = "-O";
				VALIDATE_PRODUCT = YES;
			};
			name = Release;
		};
		1E40A01E25CCE165004AD3B4 /* Debug */ = {
			isa = XCBuildConfiguration;
			baseConfigurationReference = B12ECF2A9B28BECFDF222B51 /* Pods-InstaScroll.debug.xcconfig */;
			buildSettings = {
				ASSETCATALOG_COMPILER_APPICON_NAME = AppIcon;
				ASSETCATALOG_COMPILER_GLOBAL_ACCENT_COLOR_NAME = AccentColor;
				CODE_SIGN_STYLE = Automatic;
				DEVELOPMENT_TEAM = JA7JN58M85;
				INFOPLIST_FILE = InstaScroll/Info.plist;
				IPHONEOS_DEPLOYMENT_TARGET = 13.0;
				LD_RUNPATH_SEARCH_PATHS = (
					"$(inherited)",
					"@executable_path/Frameworks",
				);
				PRODUCT_BUNDLE_IDENTIFIER = com.themrhinos.InstaScroll;
				PRODUCT_NAME = "$(TARGET_NAME)";
				SWIFT_VERSION = 5.0;
				TARGETED_DEVICE_FAMILY = "1,2";
			};
			name = Debug;
		};
		1E40A01F25CCE165004AD3B4 /* Release */ = {
			isa = XCBuildConfiguration;
			baseConfigurationReference = 3AA3ABBBF324010A520D0B83 /* Pods-InstaScroll.release.xcconfig */;
			buildSettings = {
				ASSETCATALOG_COMPILER_APPICON_NAME = AppIcon;
				ASSETCATALOG_COMPILER_GLOBAL_ACCENT_COLOR_NAME = AccentColor;
				CODE_SIGN_STYLE = Automatic;
				DEVELOPMENT_TEAM = JA7JN58M85;
				INFOPLIST_FILE = InstaScroll/Info.plist;
				IPHONEOS_DEPLOYMENT_TARGET = 13.0;
				LD_RUNPATH_SEARCH_PATHS = (
					"$(inherited)",
					"@executable_path/Frameworks",
				);
				PRODUCT_BUNDLE_IDENTIFIER = com.themrhinos.InstaScroll;
				PRODUCT_NAME = "$(TARGET_NAME)";
				SWIFT_VERSION = 5.0;
				TARGETED_DEVICE_FAMILY = "1,2";
			};
			name = Release;
		};
/* End XCBuildConfiguration section */

/* Begin XCConfigurationList section */
		1E40A00425CCE161004AD3B4 /* Build configuration list for PBXProject "InstaScroll" */ = {
			isa = XCConfigurationList;
			buildConfigurations = (
				1E40A01B25CCE165004AD3B4 /* Debug */,
				1E40A01C25CCE165004AD3B4 /* Release */,
			);
			defaultConfigurationIsVisible = 0;
			defaultConfigurationName = Release;
		};
		1E40A01D25CCE165004AD3B4 /* Build configuration list for PBXNativeTarget "InstaScroll" */ = {
			isa = XCConfigurationList;
			buildConfigurations = (
				1E40A01E25CCE165004AD3B4 /* Debug */,
				1E40A01F25CCE165004AD3B4 /* Release */,
			);
			defaultConfigurationIsVisible = 0;
			defaultConfigurationName = Release;
		};
/* End XCConfigurationList section */
	};
	rootObject = 1E40A00125CCE161004AD3B4 /* Project object */;
}
