// !$*UTF8*$!
{
	archiveVersion = 1;
	classes = {
	};
	objectVersion = 50;
	objects = {

/* Begin PBXBuildFile section */
		1E01E8E725817A04008FD79B /* AppDelegate.swift in Sources */ = {isa = PBXBuildFile; fileRef = 1E01E8E625817A04008FD79B /* AppDelegate.swift */; };
		1E01E8E925817A04008FD79B /* SceneDelegate.swift in Sources */ = {isa = PBXBuildFile; fileRef = 1E01E8E825817A04008FD79B /* SceneDelegate.swift */; };
		1E01E8EB25817A04008FD79B /* ViewController.swift in Sources */ = {isa = PBXBuildFile; fileRef = 1E01E8EA25817A04008FD79B /* ViewController.swift */; };
		1E01E8EE25817A04008FD79B /* Main.storyboard in Resources */ = {isa = PBXBuildFile; fileRef = 1E01E8EC25817A04008FD79B /* Main.storyboard */; };
		1E01E8F025817A08008FD79B /* Assets.xcassets in Resources */ = {isa = PBXBuildFile; fileRef = 1E01E8EF25817A08008FD79B /* Assets.xcassets */; };
		1E01E8F325817A08008FD79B /* LaunchScreen.storyboard in Resources */ = {isa = PBXBuildFile; fileRef = 1E01E8F125817A08008FD79B /* LaunchScreen.storyboard */; };
		1E01E8FC25817D53008FD79B /* SettingsTableViewCell.swift in Sources */ = {isa = PBXBuildFile; fileRef = 1E01E8FB25817D53008FD79B /* SettingsTableViewCell.swift */; };
		1E01E8FF2581936A008FD79B /* SwitchTableViewCell.swift in Sources */ = {isa = PBXBuildFile; fileRef = 1E01E8FE25819369008FD79B /* SwitchTableViewCell.swift */; };
/* End PBXBuildFile section */

/* Begin PBXFileReference section */
		1E01E8E325817A03008FD79B /* SettingsExample.app */ = {isa = PBXFileReference; explicitFileType = wrapper.application; includeInIndex = 0; path = SettingsExample.app; sourceTree = BUILT_PRODUCTS_DIR; };
		1E01E8E625817A04008FD79B /* AppDelegate.swift */ = {isa = PBXFileReference; lastKnownFileType = sourcecode.swift; path = AppDelegate.swift; sourceTree = "<group>"; };
		1E01E8E825817A04008FD79B /* SceneDelegate.swift */ = {isa = PBXFileReference; lastKnownFileType = sourcecode.swift; path = SceneDelegate.swift; sourceTree = "<group>"; };
		1E01E8EA25817A04008FD79B /* ViewController.swift */ = {isa = PBXFileReference; lastKnownFileType = sourcecode.swift; path = ViewController.swift; sourceTree = "<group>"; };
		1E01E8ED25817A04008FD79B /* Base */ = {isa = PBXFileReference; lastKnownFileType = file.storyboard; name = Base; path = Base.lproj/Main.storyboard; sourceTree = "<group>"; };
		1E01E8EF25817A08008FD79B /* Assets.xcassets */ = {isa = PBXFileReference; lastKnownFileType = folder.assetcatalog; path = Assets.xcassets; sourceTree = "<group>"; };
		1E01E8F225817A08008FD79B /* Base */ = {isa = PBXFileReference; lastKnownFileType = file.storyboard; name = Base; path = Base.lproj/LaunchScreen.storyboard; sourceTree = "<group>"; };
		1E01E8F425817A08008FD79B /* Info.plist */ = {isa = PBXFileReference; lastKnownFileType = text.plist.xml; path = Info.plist; sourceTree = "<group>"; };
		1E01E8FB25817D53008FD79B /* SettingsTableViewCell.swift */ = {isa = PBXFileReference; lastKnownFileType = sourcecode.swift; path = SettingsTableViewCell.swift; sourceTree = "<group>"; };
		1E01E8FE25819369008FD79B /* SwitchTableViewCell.swift */ = {isa = PBXFileReference; lastKnownFileType = sourcecode.swift; path = SwitchTableViewCell.swift; sourceTree = "<group>"; };
/* End PBXFileReference section */

/* Begin PBXFrameworksBuildPhase section */
		1E01E8E025817A03008FD79B /* Frameworks */ = {
			isa = PBXFrameworksBuildPhase;
			buildActionMask = 2147483647;
			files = (
			);
			runOnlyForDeploymentPostprocessing = 0;
		};
/* End PBXFrameworksBuildPhase section */

/* Begin PBXGroup section */
		1E01E8DA25817A03008FD79B = {
			isa = PBXGroup;
			children = (
				1E01E8E525817A04008FD79B /* SettingsExample */,
				1E01E8E425817A03008FD79B /* Products */,
			);
			sourceTree = "<group>";
		};
		1E01E8E425817A03008FD79B /* Products */ = {
			isa = PBXGroup;
			children = (
				1E01E8E325817A03008FD79B /* SettingsExample.app */,
			);
			name = Products;
			sourceTree = "<group>";
		};
		1E01E8E525817A04008FD79B /* SettingsExample */ = {
			isa = PBXGroup;
			children = (
				1E01E8E625817A04008FD79B /* AppDelegate.swift */,
				1E01E8E825817A04008FD79B /* SceneDelegate.swift */,
				1E01E8EA25817A04008FD79B /* ViewController.swift */,
				1E01E8EC25817A04008FD79B /* Main.storyboard */,
				1E01E8EF25817A08008FD79B /* Assets.xcassets */,
				1E01E8F125817A08008FD79B /* LaunchScreen.storyboard */,
				1E01E8F425817A08008FD79B /* Info.plist */,
				1E01E8FB25817D53008FD79B /* SettingsTableViewCell.swift */,
				1E01E8FE25819369008FD79B /* SwitchTableViewCell.swift */,
			);
			path = SettingsExample;
			sourceTree = "<group>";
		};
/* End PBXGroup section */

/* Begin PBXNativeTarget section */
		1E01E8E225817A03008FD79B /* SettingsExample */ = {
			isa = PBXNativeTarget;
			buildConfigurationList = 1E01E8F725817A08008FD79B /* Build configuration list for PBXNativeTarget "SettingsExample" */;
			buildPhases = (
				1E01E8DF25817A03008FD79B /* Sources */,
				1E01E8E025817A03008FD79B /* Frameworks */,
				1E01E8E125817A03008FD79B /* Resources */,
			);
			buildRules = (
			);
			dependencies = (
			);
			name = SettingsExample;
			productName = SettingsExample;
			productReference = 1E01E8E325817A03008FD79B /* SettingsExample.app */;
			productType = "com.apple.product-type.application";
		};
/* End PBXNativeTarget section */

/* Begin PBXProject section */
		1E01E8DB25817A03008FD79B /* Project object */ = {
			isa = PBXProject;
			attributes = {
				LastSwiftUpdateCheck = 1230;
				LastUpgradeCheck = 1230;
				TargetAttributes = {
					1E01E8E225817A03008FD79B = {
						CreatedOnToolsVersion = 12.3;
					};
				};
			};
			buildConfigurationList = 1E01E8DE25817A03008FD79B /* Build configuration list for PBXProject "SettingsExample" */;
			compatibilityVersion = "Xcode 9.3";
			developmentRegion = en;
			hasScannedForEncodings = 0;
			knownRegions = (
				en,
				Base,
			);
			mainGroup = 1E01E8DA25817A03008FD79B;
			productRefGroup = 1E01E8E425817A03008FD79B /* Products */;
			projectDirPath = "";
			projectRoot = "";
			targets = (
				1E01E8E225817A03008FD79B /* SettingsExample */,
			);
		};
/* End PBXProject section */

/* Begin PBXResourcesBuildPhase section */
		1E01E8E125817A03008FD79B /* Resources */ = {
			isa = PBXResourcesBuildPhase;
			buildActionMask = 2147483647;
			files = (
				1E01E8F325817A08008FD79B /* LaunchScreen.storyboard in Resources */,
				1E01E8F025817A08008FD79B /* Assets.xcassets in Resources */,
				1E01E8EE25817A04008FD79B /* Main.storyboard in Resources */,
			);
			runOnlyForDeploymentPostprocessing = 0;
		};
/* End PBXResourcesBuildPhase section */

/* Begin PBXSourcesBuildPhase section */
		1E01E8DF25817A03008FD79B /* Sources */ = {
			isa = PBXSourcesBuildPhase;
			buildActionMask = 2147483647;
			files = (
				1E01E8EB25817A04008FD79B /* ViewController.swift in Sources */,
				1E01E8E725817A04008FD79B /* AppDelegate.swift in Sources */,
				1E01E8FF2581936A008FD79B /* SwitchTableViewCell.swift in Sources */,
				1E01E8FC25817D53008FD79B /* SettingsTableViewCell.swift in Sources */,
				1E01E8E925817A04008FD79B /* SceneDelegate.swift in Sources */,
			);
			runOnlyForDeploymentPostprocessing = 0;
		};
/* End PBXSourcesBuildPhase section */

/* Begin PBXVariantGroup section */
		1E01E8EC25817A04008FD79B /* Main.storyboard */ = {
			isa = PBXVariantGroup;
			children = (
				1E01E8ED25817A04008FD79B /* Base */,
			);
			name = Main.storyboard;
			sourceTree = "<group>";
		};
		1E01E8F125817A08008FD79B /* LaunchScreen.storyboard */ = {
			isa = PBXVariantGroup;
			children = (
				1E01E8F225817A08008FD79B /* Base */,
			);
			name = LaunchScreen.storyboard;
			sourceTree = "<group>";
		};
/* End PBXVariantGroup section */

/* Begin XCBuildConfiguration section */
		1E01E8F525817A08008FD79B /* Debug */ = {
			isa = XCBuildConfiguration;
			buildSettings = {
				ALWAYS_SEARCH_USER_PATHS = NO;
				CLANG_ANALYZER_NONNULL = YES;
				CLANG_ANALYZER_NUMBER_OBJECT_CONVERSION = YES_AGGRESSIVE;
				CLANG_CXX_LANGUAGE_STANDARD = "gnu++14";
				CLANG_CXX_LIBRARY = "libc++";
				CLANG_ENABLE_MODULES = YES;
				CLANG_ENABLE_OBJC_ARC = YES;
				CLANG_ENABLE_OBJC_WEAK = YES;
				CLANG_WARN_BLOCK_CAPTURE_AUTORELEASING = YES;
				CLANG_WARN_BOOL_CONVERSION = YES;
				CLANG_WARN_COMMA = YES;
				CLANG_WARN_CONSTANT_CONVERSION = YES;
				CLANG_WARN_DEPRECATED_OBJC_IMPLEMENTATIONS = YES;
				CLANG_WARN_DIRECT_OBJC_ISA_USAGE = YES_ERROR;
				CLANG_WARN_DOCUMENTATION_COMMENTS = YES;
				CLANG_WARN_EMPTY_BODY = YES;
				CLANG_WARN_ENUM_CONVERSION = YES;
				CLANG_WARN_INFINITE_RECURSION = YES;
				CLANG_WARN_INT_CONVERSION = YES;
				CLANG_WARN_NON_LITERAL_NULL_CONVERSION = YES;
				CLANG_WARN_OBJC_IMPLICIT_RETAIN_SELF = YES;
				CLANG_WARN_OBJC_LITERAL_CONVERSION = YES;
				CLANG_WARN_OBJC_ROOT_CLASS = YES_ERROR;
				CLANG_WARN_QUOTED_INCLUDE_IN_FRAMEWORK_HEADER = YES;
				CLANG_WARN_RANGE_LOOP_ANALYSIS = YES;
				CLANG_WARN_STRICT_PROTOTYPES = YES;
				CLANG_WARN_SUSPICIOUS_MOVE = YES;
				CLANG_WARN_UNGUARDED_AVAILABILITY = YES_AGGRESSIVE;
				CLANG_WARN_UNREACHABLE_CODE = YES;
				CLANG_WARN__DUPLICATE_METHOD_MATCH = YES;
				COPY_PHASE_STRIP = NO;
				DEBUG_INFORMATION_FORMAT = dwarf;
				ENABLE_STRICT_OBJC_MSGSEND = YES;
				ENABLE_TESTABILITY = YES;
				GCC_C_LANGUAGE_STANDARD = gnu11;
				GCC_DYNAMIC_NO_PIC = NO;
				GCC_NO_COMMON_BLOCKS = YES;
				GCC_OPTIMIZATION_LEVEL = 0;
				GCC_PREPROCESSOR_DEFINITIONS = (
					"DEBUG=1",
					"$(inherited)",
				);
				GCC_WARN_64_TO_32_BIT_CONVERSION = YES;
				GCC_WARN_ABOUT_RETURN_TYPE = YES_ERROR;
				GCC_WARN_UNDECLARED_SELECTOR = YES;
				GCC_WARN_UNINITIALIZED_AUTOS = YES_AGGRESSIVE;
				GCC_WARN_UNUSED_FUNCTION = YES;
				GCC_WARN_UNUSED_VARIABLE = YES;
				IPHONEOS_DEPLOYMENT_TARGET = 14.3;
				MTL_ENABLE_DEBUG_INFO = INCLUDE_SOURCE;
				MTL_FAST_MATH = YES;
				ONLY_ACTIVE_ARCH = YES;
				SDKROOT = iphoneos;
				SWIFT_ACTIVE_COMPILATION_CONDITIONS = DEBUG;
				SWIFT_OPTIMIZATION_LEVEL = "-Onone";
			};
			name = Debug;
		};
		1E01E8F625817A08008FD79B /* Release */ = {
			isa = XCBuildConfiguration;
			buildSettings = {
				ALWAYS_SEARCH_USER_PATHS = NO;
				CLANG_ANALYZER_NONNULL = YES;
				CLANG_ANALYZER_NUMBER_OBJECT_CONVERSION = YES_AGGRESSIVE;
				CLANG_CXX_LANGUAGE_STANDARD = "gnu++14";
				CLANG_CXX_LIBRARY = "libc++";
				CLANG_ENABLE_MODULES = YES;
				CLANG_ENABLE_OBJC_ARC = YES;
				CLANG_ENABLE_OBJC_WEAK = YES;
				CLANG_WARN_BLOCK_CAPTURE_AUTORELEASING = YES;
				CLANG_WARN_BOOL_CONVERSION = YES;
				CLANG_WARN_COMMA = YES;
				CLANG_WARN_CONSTANT_CONVERSION = YES;
				CLANG_WARN_DEPRECATED_OBJC_IMPLEMENTATIONS = YES;
				CLANG_WARN_DIRECT_OBJC_ISA_USAGE = YES_ERROR;
				CLANG_WARN_DOCUMENTATION_COMMENTS = YES;
				CLANG_WARN_EMPTY_BODY = YES;
				CLANG_WARN_ENUM_CONVERSION = YES;
				CLANG_WARN_INFINITE_RECURSION = YES;
				CLANG_WARN_INT_CONVERSION = YES;
				CLANG_WARN_NON_LITERAL_NULL_CONVERSION = YES;
				CLANG_WARN_OBJC_IMPLICIT_RETAIN_SELF = YES;
				CLANG_WARN_OBJC_LITERAL_CONVERSION = YES;
				CLANG_WARN_OBJC_ROOT_CLASS = YES_ERROR;
				CLANG_WARN_QUOTED_INCLUDE_IN_FRAMEWORK_HEADER = YES;
				CLANG_WARN_RANGE_LOOP_ANALYSIS = YES;
				CLANG_WARN_STRICT_PROTOTYPES = YES;
				CLANG_WARN_SUSPICIOUS_MOVE = YES;
				CLANG_WARN_UNGUARDED_AVAILABILITY = YES_AGGRESSIVE;
				CLANG_WARN_UNREACHABLE_CODE = YES;
				CLANG_WARN__DUPLICATE_METHOD_MATCH = YES;
				COPY_PHASE_STRIP = NO;
				DEBUG_INFORMATION_FORMAT = "dwarf-with-dsym";
				ENABLE_NS_ASSERTIONS = NO;
				ENABLE_STRICT_OBJC_MSGSEND = YES;
				GCC_C_LANGUAGE_STANDARD = gnu11;
				GCC_NO_COMMON_BLOCKS = YES;
				GCC_WARN_64_TO_32_BIT_CONVERSION = YES;
				GCC_WARN_ABOUT_RETURN_TYPE = YES_ERROR;
				GCC_WARN_UNDECLARED_SELECTOR = YES;
				GCC_WARN_UNINITIALIZED_AUTOS = YES_AGGRESSIVE;
				GCC_WARN_UNUSED_FUNCTION = YES;
				GCC_WARN_UNUSED_VARIABLE = YES;
				IPHONEOS_DEPLOYMENT_TARGET = 14.3;
				MTL_ENABLE_DEBUG_INFO = NO;
				MTL_FAST_MATH = YES;
				SDKROOT = iphoneos;
				SWIFT_COMPILATION_MODE = wholemodule;
				SWIFT_OPTIMIZATION_LEVEL = "-O";
				VALIDATE_PRODUCT = YES;
			};
			name = Release;
		};
		1E01E8F825817A08008FD79B /* Debug */ = {
			isa = XCBuildConfiguration;
			buildSettings = {
				ASSETCATALOG_COMPILER_APPICON_NAME = AppIcon;
				ASSETCATALOG_COMPILER_GLOBAL_ACCENT_COLOR_NAME = AccentColor;
				CODE_SIGN_STYLE = Automatic;
				DEVELOPMENT_TEAM = JA7JN58M85;
				INFOPLIST_FILE = SettingsExample/Info.plist;
				LD_RUNPATH_SEARCH_PATHS = (
					"$(inherited)",
					"@executable_path/Frameworks",
				);
				PRODUCT_BUNDLE_IDENTIFIER = com.themrhinos.SettingsExample;
				PRODUCT_NAME = "$(TARGET_NAME)";
				SWIFT_VERSION = 5.0;
				TARGETED_DEVICE_FAMILY = "1,2";
			};
			name = Debug;
		};
		1E01E8F925817A08008FD79B /* Release */ = {
			isa = XCBuildConfiguration;
			buildSettings = {
				ASSETCATALOG_COMPILER_APPICON_NAME = AppIcon;
				ASSETCATALOG_COMPILER_GLOBAL_ACCENT_COLOR_NAME = AccentColor;
				CODE_SIGN_STYLE = Automatic;
				DEVELOPMENT_TEAM = JA7JN58M85;
				INFOPLIST_FILE = SettingsExample/Info.plist;
				LD_RUNPATH_SEARCH_PATHS = (
					"$(inherited)",
					"@executable_path/Frameworks",
				);
				PRODUCT_BUNDLE_IDENTIFIER = com.themrhinos.SettingsExample;
				PRODUCT_NAME = "$(TARGET_NAME)";
				SWIFT_VERSION = 5.0;
				TARGETED_DEVICE_FAMILY = "1,2";
			};
			name = Release;
		};
/* End XCBuildConfiguration section */

/* Begin XCConfigurationList section */
		1E01E8DE25817A03008FD79B /* Build configuration list for PBXProject "SettingsExample" */ = {
			isa = XCConfigurationList;
			buildConfigurations = (
				1E01E8F525817A08008FD79B /* Debug */,
				1E01E8F625817A08008FD79B /* Release */,
			);
			defaultConfigurationIsVisible = 0;
			defaultConfigurationName = Release;
		};
		1E01E8F725817A08008FD79B /* Build configuration list for PBXNativeTarget "SettingsExample" */ = {
			isa = XCConfigurationList;
			buildConfigurations = (
				1E01E8F825817A08008FD79B /* Debug */,
				1E01E8F925817A08008FD79B /* Release */,
			);
			defaultConfigurationIsVisible = 0;
			defaultConfigurationName = Release;
		};
/* End XCConfigurationList section */
	};
	rootObject = 1E01E8DB25817A03008FD79B /* Project object */;
}
