// !$*UTF8*$!
{
	archiveVersion = 1;
	classes = {
	};
	objectVersion = 50;
	objects = {

/* Begin PBXBuildFile section */
		1E4B9080239F1F2500F119FC /* AppDelegate.swift in Sources */ = {isa = PBXBuildFile; fileRef = 1E4B907F239F1F2500F119FC /* AppDelegate.swift */; };
		1E4B9082239F1F2500F119FC /* SceneDelegate.swift in Sources */ = {isa = PBXBuildFile; fileRef = 1E4B9081239F1F2500F119FC /* SceneDelegate.swift */; };
		1E4B9084239F1F2500F119FC /* ViewController.swift in Sources */ = {isa = PBXBuildFile; fileRef = 1E4B9083239F1F2500F119FC /* ViewController.swift */; };
		1E4B9087239F1F2500F119FC /* Main.storyboard in Resources */ = {isa = PBXBuildFile; fileRef = 1E4B9085239F1F2500F119FC /* Main.storyboard */; };
		1E4B9089239F1F2B00F119FC /* Assets.xcassets in Resources */ = {isa = PBXBuildFile; fileRef = 1E4B9088239F1F2B00F119FC /* Assets.xcassets */; };
		1E4B908C239F1F2B00F119FC /* LaunchScreen.storyboard in Resources */ = {isa = PBXBuildFile; fileRef = 1E4B908A239F1F2B00F119FC /* LaunchScreen.storyboard */; };
		1E4B909423A07AD800F119FC /* AnimatedCircle.swift in Sources */ = {isa = PBXBuildFile; fileRef = 1E4B909323A07AD800F119FC /* AnimatedCircle.swift */; };
		1E4B909623A205EE00F119FC /* Extensions.swift in Sources */ = {isa = PBXBuildFile; fileRef = 1E4B909523A205EE00F119FC /* Extensions.swift */; };
/* End PBXBuildFile section */

/* Begin PBXFileReference section */
		1E4B907C239F1F2500F119FC /* Circular-Progress-Bar.app */ = {isa = PBXFileReference; explicitFileType = wrapper.application; includeInIndex = 0; path = "Circular-Progress-Bar.app"; sourceTree = BUILT_PRODUCTS_DIR; };
		1E4B907F239F1F2500F119FC /* AppDelegate.swift */ = {isa = PBXFileReference; lastKnownFileType = sourcecode.swift; path = AppDelegate.swift; sourceTree = "<group>"; };
		1E4B9081239F1F2500F119FC /* SceneDelegate.swift */ = {isa = PBXFileReference; lastKnownFileType = sourcecode.swift; path = SceneDelegate.swift; sourceTree = "<group>"; };
		1E4B9083239F1F2500F119FC /* ViewController.swift */ = {isa = PBXFileReference; lastKnownFileType = sourcecode.swift; path = ViewController.swift; sourceTree = "<group>"; };
		1E4B9086239F1F2500F119FC /* Base */ = {isa = PBXFileReference; lastKnownFileType = file.storyboard; name = Base; path = Base.lproj/Main.storyboard; sourceTree = "<group>"; };
		1E4B9088239F1F2B00F119FC /* Assets.xcassets */ = {isa = PBXFileReference; lastKnownFileType = folder.assetcatalog; path = Assets.xcassets; sourceTree = "<group>"; };
		1E4B908B239F1F2B00F119FC /* Base */ = {isa = PBXFileReference; lastKnownFileType = file.storyboard; name = Base; path = Base.lproj/LaunchScreen.storyboard; sourceTree = "<group>"; };
		1E4B908D239F1F2B00F119FC /* Info.plist */ = {isa = PBXFileReference; lastKnownFileType = text.plist.xml; path = Info.plist; sourceTree = "<group>"; };
		1E4B909323A07AD800F119FC /* AnimatedCircle.swift */ = {isa = PBXFileReference; lastKnownFileType = sourcecode.swift; path = AnimatedCircle.swift; sourceTree = "<group>"; };
		1E4B909523A205EE00F119FC /* Extensions.swift */ = {isa = PBXFileReference; fileEncoding = 4; lastKnownFileType = sourcecode.swift; path = Extensions.swift; sourceTree = "<group>"; };
/* End PBXFileReference section */

/* Begin PBXFrameworksBuildPhase section */
		1E4B9079239F1F2500F119FC /* Frameworks */ = {
			isa = PBXFrameworksBuildPhase;
			buildActionMask = 2147483647;
			files = (
			);
			runOnlyForDeploymentPostprocessing = 0;
		};
/* End PBXFrameworksBuildPhase section */

/* Begin PBXGroup section */
		1E4B9073239F1F2500F119FC = {
			isa = PBXGroup;
			children = (
				1E4B907E239F1F2500F119FC /* Circular-Progress-Bar */,
				1E4B907D239F1F2500F119FC /* Products */,
			);
			sourceTree = "<group>";
		};
		1E4B907D239F1F2500F119FC /* Products */ = {
			isa = PBXGroup;
			children = (
				1E4B907C239F1F2500F119FC /* Circular-Progress-Bar.app */,
			);
			name = Products;
			sourceTree = "<group>";
		};
		1E4B907E239F1F2500F119FC /* Circular-Progress-Bar */ = {
			isa = PBXGroup;
			children = (
				1E4B907F239F1F2500F119FC /* AppDelegate.swift */,
				1E4B9081239F1F2500F119FC /* SceneDelegate.swift */,
				1E4B9083239F1F2500F119FC /* ViewController.swift */,
				1E4B909323A07AD800F119FC /* AnimatedCircle.swift */,
				1E4B9085239F1F2500F119FC /* Main.storyboard */,
				1E4B9088239F1F2B00F119FC /* Assets.xcassets */,
				1E4B909523A205EE00F119FC /* Extensions.swift */,
				1E4B908A239F1F2B00F119FC /* LaunchScreen.storyboard */,
				1E4B908D239F1F2B00F119FC /* Info.plist */,
			);
			path = "Circular-Progress-Bar";
			sourceTree = "<group>";
		};
/* End PBXGroup section */

/* Begin PBXNativeTarget section */
		1E4B907B239F1F2500F119FC /* Circular-Progress-Bar */ = {
			isa = PBXNativeTarget;
			buildConfigurationList = 1E4B9090239F1F2B00F119FC /* Build configuration list for PBXNativeTarget "Circular-Progress-Bar" */;
			buildPhases = (
				1E4B9078239F1F2500F119FC /* Sources */,
				1E4B9079239F1F2500F119FC /* Frameworks */,
				1E4B907A239F1F2500F119FC /* Resources */,
			);
			buildRules = (
			);
			dependencies = (
			);
			name = "Circular-Progress-Bar";
			productName = "Circular-Progress-Bar";
			productReference = 1E4B907C239F1F2500F119FC /* Circular-Progress-Bar.app */;
			productType = "com.apple.product-type.application";
		};
/* End PBXNativeTarget section */

/* Begin PBXProject section */
		1E4B9074239F1F2500F119FC /* Project object */ = {
			isa = PBXProject;
			attributes = {
				LastSwiftUpdateCheck = 1120;
				LastUpgradeCheck = 1120;
				ORGANIZATIONNAME = "Them Rhinos";
				TargetAttributes = {
					1E4B907B239F1F2500F119FC = {
						CreatedOnToolsVersion = 11.2.1;
					};
				};
			};
			buildConfigurationList = 1E4B9077239F1F2500F119FC /* Build configuration list for PBXProject "Circular-Progress-Bar" */;
			compatibilityVersion = "Xcode 9.3";
			developmentRegion = en;
			hasScannedForEncodings = 0;
			knownRegions = (
				en,
				Base,
			);
			mainGroup = 1E4B9073239F1F2500F119FC;
			productRefGroup = 1E4B907D239F1F2500F119FC /* Products */;
			projectDirPath = "";
			projectRoot = "";
			targets = (
				1E4B907B239F1F2500F119FC /* Circular-Progress-Bar */,
			);
		};
/* End PBXProject section */

/* Begin PBXResourcesBuildPhase section */
		1E4B907A239F1F2500F119FC /* Resources */ = {
			isa = PBXResourcesBuildPhase;
			buildActionMask = 2147483647;
			files = (
				1E4B908C239F1F2B00F119FC /* LaunchScreen.storyboard in Resources */,
				1E4B9089239F1F2B00F119FC /* Assets.xcassets in Resources */,
				1E4B9087239F1F2500F119FC /* Main.storyboard in Resources */,
			);
			runOnlyForDeploymentPostprocessing = 0;
		};
/* End PBXResourcesBuildPhase section */

/* Begin PBXSourcesBuildPhase section */
		1E4B9078239F1F2500F119FC /* Sources */ = {
			isa = PBXSourcesBuildPhase;
			buildActionMask = 2147483647;
			files = (
				1E4B909623A205EE00F119FC /* Extensions.swift in Sources */,
				1E4B909423A07AD800F119FC /* AnimatedCircle.swift in Sources */,
				1E4B9084239F1F2500F119FC /* ViewController.swift in Sources */,
				1E4B9080239F1F2500F119FC /* AppDelegate.swift in Sources */,
				1E4B9082239F1F2500F119FC /* SceneDelegate.swift in Sources */,
			);
			runOnlyForDeploymentPostprocessing = 0;
		};
/* End PBXSourcesBuildPhase section */

/* Begin PBXVariantGroup section */
		1E4B9085239F1F2500F119FC /* Main.storyboard */ = {
			isa = PBXVariantGroup;
			children = (
				1E4B9086239F1F2500F119FC /* Base */,
			);
			name = Main.storyboard;
			sourceTree = "<group>";
		};
		1E4B908A239F1F2B00F119FC /* LaunchScreen.storyboard */ = {
			isa = PBXVariantGroup;
			children = (
				1E4B908B239F1F2B00F119FC /* Base */,
			);
			name = LaunchScreen.storyboard;
			sourceTree = "<group>";
		};
/* End PBXVariantGroup section */

/* Begin XCBuildConfiguration section */
		1E4B908E239F1F2B00F119FC /* Debug */ = {
			isa = XCBuildConfiguration;
			buildSettings = {
				ALWAYS_SEARCH_USER_PATHS = NO;
				CLANG_ANALYZER_NONNULL = YES;
				CLANG_ANALYZER_NUMBER_OBJECT_CONVERSION = YES_AGGRESSIVE;
				CLANG_CXX_LANGUAGE_STANDARD = "gnu++14";
				CLANG_CXX_LIBRARY = "libc++";
				CLANG_ENABLE_MODULES = YES;
				CLANG_ENABLE_OBJC_ARC = YES;
				CLANG_ENABLE_OBJC_WEAK = YES;
				CLANG_WARN_BLOCK_CAPTURE_AUTORELEASING = YES;
				CLANG_WARN_BOOL_CONVERSION = YES;
				CLANG_WARN_COMMA = YES;
				CLANG_WARN_CONSTANT_CONVERSION = YES;
				CLANG_WARN_DEPRECATED_OBJC_IMPLEMENTATIONS = YES;
				CLANG_WARN_DIRECT_OBJC_ISA_USAGE = YES_ERROR;
				CLANG_WARN_DOCUMENTATION_COMMENTS = YES;
				CLANG_WARN_EMPTY_BODY = YES;
				CLANG_WARN_ENUM_CONVERSION = YES;
				CLANG_WARN_INFINITE_RECURSION = YES;
				CLANG_WARN_INT_CONVERSION = YES;
				CLANG_WARN_NON_LITERAL_NULL_CONVERSION = YES;
				CLANG_WARN_OBJC_IMPLICIT_RETAIN_SELF = YES;
				CLANG_WARN_OBJC_LITERAL_CONVERSION = YES;
				CLANG_WARN_OBJC_ROOT_CLASS = YES_ERROR;
				CLANG_WARN_RANGE_LOOP_ANALYSIS = YES;
				CLANG_WARN_STRICT_PROTOTYPES = YES;
				CLANG_WARN_SUSPICIOUS_MOVE = YES;
				CLANG_WARN_UNGUARDED_AVAILABILITY = YES_AGGRESSIVE;
				CLANG_WARN_UNREACHABLE_CODE = YES;
				CLANG_WARN__DUPLICATE_METHOD_MATCH = YES;
				COPY_PHASE_STRIP = NO;
				DEBUG_INFORMATION_FORMAT = dwarf;
				ENABLE_STRICT_OBJC_MSGSEND = YES;
				ENABLE_TESTABILITY = YES;
				GCC_C_LANGUAGE_STANDARD = gnu11;
				GCC_DYNAMIC_NO_PIC = NO;
				GCC_NO_COMMON_BLOCKS = YES;
				GCC_OPTIMIZATION_LEVEL = 0;
				GCC_PREPROCESSOR_DEFINITIONS = (
					"DEBUG=1",
					"$(inherited)",
				);
				GCC_WARN_64_TO_32_BIT_CONVERSION = YES;
				GCC_WARN_ABOUT_RETURN_TYPE = YES_ERROR;
				GCC_WARN_UNDECLARED_SELECTOR = YES;
				GCC_WARN_UNINITIALIZED_AUTOS = YES_AGGRESSIVE;
				GCC_WARN_UNUSED_FUNCTION = YES;
				GCC_WARN_UNUSED_VARIABLE = YES;
				IPHONEOS_DEPLOYMENT_TARGET = 13.2;
				MTL_ENABLE_DEBUG_INFO = INCLUDE_SOURCE;
				MTL_FAST_MATH = YES;
				ONLY_ACTIVE_ARCH = YES;
				SDKROOT = iphoneos;
				SWIFT_ACTIVE_COMPILATION_CONDITIONS = DEBUG;
				SWIFT_OPTIMIZATION_LEVEL = "-Onone";
			};
			name = Debug;
		};
		1E4B908F239F1F2B00F119FC /* Release */ = {
			isa = XCBuildConfiguration;
			buildSettings = {
				ALWAYS_SEARCH_USER_PATHS = NO;
				CLANG_ANALYZER_NONNULL = YES;
				CLANG_ANALYZER_NUMBER_OBJECT_CONVERSION = YES_AGGRESSIVE;
				CLANG_CXX_LANGUAGE_STANDARD = "gnu++14";
				CLANG_CXX_LIBRARY = "libc++";
				CLANG_ENABLE_MODULES = YES;
				CLANG_ENABLE_OBJC_ARC = YES;
				CLANG_ENABLE_OBJC_WEAK = YES;
				CLANG_WARN_BLOCK_CAPTURE_AUTORELEASING = YES;
				CLANG_WARN_BOOL_CONVERSION = YES;
				CLANG_WARN_COMMA = YES;
				CLANG_WARN_CONSTANT_CONVERSION = YES;
				CLANG_WARN_DEPRECATED_OBJC_IMPLEMENTATIONS = YES;
				CLANG_WARN_DIRECT_OBJC_ISA_USAGE = YES_ERROR;
				CLANG_WARN_DOCUMENTATION_COMMENTS = YES;
				CLANG_WARN_EMPTY_BODY = YES;
				CLANG_WARN_ENUM_CONVERSION = YES;
				CLANG_WARN_INFINITE_RECURSION = YES;
				CLANG_WARN_INT_CONVERSION = YES;
				CLANG_WARN_NON_LITERAL_NULL_CONVERSION = YES;
				CLANG_WARN_OBJC_IMPLICIT_RETAIN_SELF = YES;
				CLANG_WARN_OBJC_LITERAL_CONVERSION = YES;
				CLANG_WARN_OBJC_ROOT_CLASS = YES_ERROR;
				CLANG_WARN_RANGE_LOOP_ANALYSIS = YES;
				CLANG_WARN_STRICT_PROTOTYPES = YES;
				CLANG_WARN_SUSPICIOUS_MOVE = YES;
				CLANG_WARN_UNGUARDED_AVAILABILITY = YES_AGGRESSIVE;
				CLANG_WARN_UNREACHABLE_CODE = YES;
				CLANG_WARN__DUPLICATE_METHOD_MATCH = YES;
				COPY_PHASE_STRIP = NO;
				DEBUG_INFORMATION_FORMAT = "dwarf-with-dsym";
				ENABLE_NS_ASSERTIONS = NO;
				ENABLE_STRICT_OBJC_MSGSEND = YES;
				GCC_C_LANGUAGE_STANDARD = gnu11;
				GCC_NO_COMMON_BLOCKS = YES;
				GCC_WARN_64_TO_32_BIT_CONVERSION = YES;
				GCC_WARN_ABOUT_RETURN_TYPE = YES_ERROR;
				GCC_WARN_UNDECLARED_SELECTOR = YES;
				GCC_WARN_UNINITIALIZED_AUTOS = YES_AGGRESSIVE;
				GCC_WARN_UNUSED_FUNCTION = YES;
				GCC_WARN_UNUSED_VARIABLE = YES;
				IPHONEOS_DEPLOYMENT_TARGET = 13.2;
				MTL_ENABLE_DEBUG_INFO = NO;
				MTL_FAST_MATH = YES;
				SDKROOT = iphoneos;
				SWIFT_COMPILATION_MODE = wholemodule;
				SWIFT_OPTIMIZATION_LEVEL = "-O";
				VALIDATE_PRODUCT = YES;
			};
			name = Release;
		};
		1E4B9091239F1F2B00F119FC /* Debug */ = {
			isa = XCBuildConfiguration;
			buildSettings = {
				ASSETCATALOG_COMPILER_APPICON_NAME = AppIcon;
				CODE_SIGN_STYLE = Automatic;
				DEVELOPMENT_TEAM = JA7JN58M85;
				INFOPLIST_FILE = "Circular-Progress-Bar/Info.plist";
				LD_RUNPATH_SEARCH_PATHS = (
					"$(inherited)",
					"@executable_path/Frameworks",
				);
				PRODUCT_BUNDLE_IDENTIFIER = "com.themrhinos.Circular-Progress-Bar";
				PRODUCT_NAME = "$(TARGET_NAME)";
				SWIFT_VERSION = 5.0;
				TARGETED_DEVICE_FAMILY = "1,2";
			};
			name = Debug;
		};
		1E4B9092239F1F2B00F119FC /* Release */ = {
			isa = XCBuildConfiguration;
			buildSettings = {
				ASSETCATALOG_COMPILER_APPICON_NAME = AppIcon;
				CODE_SIGN_STYLE = Automatic;
				DEVELOPMENT_TEAM = JA7JN58M85;
				INFOPLIST_FILE = "Circular-Progress-Bar/Info.plist";
				LD_RUNPATH_SEARCH_PATHS = (
					"$(inherited)",
					"@executable_path/Frameworks",
				);
				PRODUCT_BUNDLE_IDENTIFIER = "com.themrhinos.Circular-Progress-Bar";
				PRODUCT_NAME = "$(TARGET_NAME)";
				SWIFT_VERSION = 5.0;
				TARGETED_DEVICE_FAMILY = "1,2";
			};
			name = Release;
		};
/* End XCBuildConfiguration section */

/* Begin XCConfigurationList section */
		1E4B9077239F1F2500F119FC /* Build configuration list for PBXProject "Circular-Progress-Bar" */ = {
			isa = XCConfigurationList;
			buildConfigurations = (
				1E4B908E239F1F2B00F119FC /* Debug */,
				1E4B908F239F1F2B00F119FC /* Release */,
			);
			defaultConfigurationIsVisible = 0;
			defaultConfigurationName = Release;
		};
		1E4B9090239F1F2B00F119FC /* Build configuration list for PBXNativeTarget "Circular-Progress-Bar" */ = {
			isa = XCConfigurationList;
			buildConfigurations = (
				1E4B9091239F1F2B00F119FC /* Debug */,
				1E4B9092239F1F2B00F119FC /* Release */,
			);
			defaultConfigurationIsVisible = 0;
			defaultConfigurationName = Release;
		};
/* End XCConfigurationList section */
	};
	rootObject = 1E4B9074239F1F2500F119FC /* Project object */;
}
