// !$*UTF8*$!
{
	archiveVersion = 1;
	classes = {
	};
	objectVersion = 50;
	objects = {

/* Begin PBXBuildFile section */
		1ED0371F256C674E00548CDE /* AppDelegate.swift in Sources */ = {isa = PBXBuildFile; fileRef = 1ED0371E256C674E00548CDE /* AppDelegate.swift */; };
		1ED03721256C674E00548CDE /* SceneDelegate.swift in Sources */ = {isa = PBXBuildFile; fileRef = 1ED03720256C674E00548CDE /* SceneDelegate.swift */; };
		1ED03723256C674E00548CDE /* ConversationsViewController.swift in Sources */ = {isa = PBXBuildFile; fileRef = 1ED03722256C674E00548CDE /* ConversationsViewController.swift */; };
		1ED03726256C674E00548CDE /* Main.storyboard in Resources */ = {isa = PBXBuildFile; fileRef = 1ED03724256C674E00548CDE /* Main.storyboard */; };
		1ED03728256C675300548CDE /* Assets.xcassets in Resources */ = {isa = PBXBuildFile; fileRef = 1ED03727256C675300548CDE /* Assets.xcassets */; };
		1ED0372B256C675300548CDE /* LaunchScreen.storyboard in Resources */ = {isa = PBXBuildFile; fileRef = 1ED03729256C675300548CDE /* LaunchScreen.storyboard */; };
		1ED0373B256C72AF00548CDE /* LoginViewController.swift in Sources */ = {isa = PBXBuildFile; fileRef = 1ED0373A256C72AF00548CDE /* LoginViewController.swift */; };
		1ED0373F256C72C000548CDE /* RegisterViewController.swift in Sources */ = {isa = PBXBuildFile; fileRef = 1ED0373E256C72C000548CDE /* RegisterViewController.swift */; };
		1ED03742256C72E400548CDE /* PhotoViewViewController.swift in Sources */ = {isa = PBXBuildFile; fileRef = 1ED03741256C72E400548CDE /* PhotoViewViewController.swift */; };
		1ED03745256C72F700548CDE /* VideoPlayerViewController.swift in Sources */ = {isa = PBXBuildFile; fileRef = 1ED03744256C72F700548CDE /* VideoPlayerViewController.swift */; };
		1ED03748256C731100548CDE /* NewConversationViewController.swift in Sources */ = {isa = PBXBuildFile; fileRef = 1ED03747256C731100548CDE /* NewConversationViewController.swift */; };
		1ED0374B256C731D00548CDE /* ProfileViewController.swift in Sources */ = {isa = PBXBuildFile; fileRef = 1ED0374A256C731D00548CDE /* ProfileViewController.swift */; };
/* End PBXBuildFile section */

/* Begin PBXFileReference section */
		1ED0371B256C674E00548CDE /* FirrChat.app */ = {isa = PBXFileReference; explicitFileType = wrapper.application; includeInIndex = 0; path = FirrChat.app; sourceTree = BUILT_PRODUCTS_DIR; };
		1ED0371E256C674E00548CDE /* AppDelegate.swift */ = {isa = PBXFileReference; lastKnownFileType = sourcecode.swift; path = AppDelegate.swift; sourceTree = "<group>"; };
		1ED03720256C674E00548CDE /* SceneDelegate.swift */ = {isa = PBXFileReference; lastKnownFileType = sourcecode.swift; path = SceneDelegate.swift; sourceTree = "<group>"; };
		1ED03722256C674E00548CDE /* ConversationsViewController.swift */ = {isa = PBXFileReference; lastKnownFileType = sourcecode.swift; path = ConversationsViewController.swift; sourceTree = "<group>"; };
		1ED03725256C674E00548CDE /* Base */ = {isa = PBXFileReference; lastKnownFileType = file.storyboard; name = Base; path = Base.lproj/Main.storyboard; sourceTree = "<group>"; };
		1ED03727256C675300548CDE /* Assets.xcassets */ = {isa = PBXFileReference; lastKnownFileType = folder.assetcatalog; path = Assets.xcassets; sourceTree = "<group>"; };
		1ED0372A256C675300548CDE /* Base */ = {isa = PBXFileReference; lastKnownFileType = file.storyboard; name = Base; path = Base.lproj/LaunchScreen.storyboard; sourceTree = "<group>"; };
		1ED03733256C67AC00548CDE /* NOTES.md */ = {isa = PBXFileReference; lastKnownFileType = net.daringfireball.markdown; path = NOTES.md; sourceTree = "<group>"; };
		1ED0373A256C72AF00548CDE /* LoginViewController.swift */ = {isa = PBXFileReference; lastKnownFileType = sourcecode.swift; path = LoginViewController.swift; sourceTree = "<group>"; };
		1ED0373E256C72C000548CDE /* RegisterViewController.swift */ = {isa = PBXFileReference; lastKnownFileType = sourcecode.swift; path = RegisterViewController.swift; sourceTree = "<group>"; };
		1ED03741256C72E400548CDE /* PhotoViewViewController.swift */ = {isa = PBXFileReference; lastKnownFileType = sourcecode.swift; path = PhotoViewViewController.swift; sourceTree = "<group>"; };
		1ED03744256C72F700548CDE /* VideoPlayerViewController.swift */ = {isa = PBXFileReference; lastKnownFileType = sourcecode.swift; path = VideoPlayerViewController.swift; sourceTree = "<group>"; };
		1ED03747256C731100548CDE /* NewConversationViewController.swift */ = {isa = PBXFileReference; lastKnownFileType = sourcecode.swift; path = NewConversationViewController.swift; sourceTree = "<group>"; };
		1ED0374A256C731D00548CDE /* ProfileViewController.swift */ = {isa = PBXFileReference; lastKnownFileType = sourcecode.swift; path = ProfileViewController.swift; sourceTree = "<group>"; };
		1ED0374F256C748E00548CDE /* Info.plist */ = {isa = PBXFileReference; fileEncoding = 4; lastKnownFileType = text.plist.xml; path = Info.plist; sourceTree = "<group>"; };
/* End PBXFileReference section */

/* Begin PBXFrameworksBuildPhase section */
		1ED03718256C674E00548CDE /* Frameworks */ = {
			isa = PBXFrameworksBuildPhase;
			buildActionMask = 2147483647;
			files = (
			);
			runOnlyForDeploymentPostprocessing = 0;
		};
/* End PBXFrameworksBuildPhase section */

/* Begin PBXGroup section */
		1ED03712256C674E00548CDE = {
			isa = PBXGroup;
			children = (
				1ED0371D256C674E00548CDE /* FirrChat */,
				1ED0371C256C674E00548CDE /* Products */,
			);
			sourceTree = "<group>";
		};
		1ED0371C256C674E00548CDE /* Products */ = {
			isa = PBXGroup;
			children = (
				1ED0371B256C674E00548CDE /* FirrChat.app */,
			);
			name = Products;
			sourceTree = "<group>";
		};
		1ED0371D256C674E00548CDE /* FirrChat */ = {
			isa = PBXGroup;
			children = (
				1ED03736256C712A00548CDE /* Resources */,
				1ED03737256C713A00548CDE /* ViewModels */,
				1ED03735256C712100548CDE /* Models */,
				1ED03738256C718900548CDE /* Views */,
				1ED03727256C675300548CDE /* Assets.xcassets */,
				1ED03734256C711200548CDE /* Controllers */,
				1ED0374F256C748E00548CDE /* Info.plist */,
			);
			path = FirrChat;
			sourceTree = "<group>";
		};
		1ED03734256C711200548CDE /* Controllers */ = {
			isa = PBXGroup;
			children = (
				1ED03722256C674E00548CDE /* ConversationsViewController.swift */,
				1ED03754256C772200548CDE /* Login */,
				1ED03741256C72E400548CDE /* PhotoViewViewController.swift */,
				1ED03744256C72F700548CDE /* VideoPlayerViewController.swift */,
				1ED03747256C731100548CDE /* NewConversationViewController.swift */,
				1ED0374A256C731D00548CDE /* ProfileViewController.swift */,
			);
			path = Controllers;
			sourceTree = "<group>";
		};
		1ED03735256C712100548CDE /* Models */ = {
			isa = PBXGroup;
			children = (
			);
			path = Models;
			sourceTree = "<group>";
		};
		1ED03736256C712A00548CDE /* Resources */ = {
			isa = PBXGroup;
			children = (
				1ED0371E256C674E00548CDE /* AppDelegate.swift */,
				1ED03720256C674E00548CDE /* SceneDelegate.swift */,
				1ED03733256C67AC00548CDE /* NOTES.md */,
			);
			path = Resources;
			sourceTree = "<group>";
		};
		1ED03737256C713A00548CDE /* ViewModels */ = {
			isa = PBXGroup;
			children = (
			);
			path = ViewModels;
			sourceTree = "<group>";
		};
		1ED03738256C718900548CDE /* Views */ = {
			isa = PBXGroup;
			children = (
				1ED03739256C71AA00548CDE /* Storyboards */,
			);
			path = Views;
			sourceTree = "<group>";
		};
		1ED03739256C71AA00548CDE /* Storyboards */ = {
			isa = PBXGroup;
			children = (
				1ED03724256C674E00548CDE /* Main.storyboard */,
				1ED03729256C675300548CDE /* LaunchScreen.storyboard */,
			);
			path = Storyboards;
			sourceTree = "<group>";
		};
		1ED03754256C772200548CDE /* Login */ = {
			isa = PBXGroup;
			children = (
				1ED0373A256C72AF00548CDE /* LoginViewController.swift */,
				1ED0373E256C72C000548CDE /* RegisterViewController.swift */,
			);
			path = Login;
			sourceTree = "<group>";
		};
/* End PBXGroup section */

/* Begin PBXNativeTarget section */
		1ED0371A256C674E00548CDE /* FirrChat */ = {
			isa = PBXNativeTarget;
			buildConfigurationList = 1ED0372F256C675300548CDE /* Build configuration list for PBXNativeTarget "FirrChat" */;
			buildPhases = (
				1ED03717256C674E00548CDE /* Sources */,
				1ED03718256C674E00548CDE /* Frameworks */,
				1ED03719256C674E00548CDE /* Resources */,
			);
			buildRules = (
			);
			dependencies = (
			);
			name = FirrChat;
			productName = FirrChat;
			productReference = 1ED0371B256C674E00548CDE /* FirrChat.app */;
			productType = "com.apple.product-type.application";
		};
/* End PBXNativeTarget section */

/* Begin PBXProject section */
		1ED03713256C674E00548CDE /* Project object */ = {
			isa = PBXProject;
			attributes = {
				LastSwiftUpdateCheck = 1220;
				LastUpgradeCheck = 1220;
				TargetAttributes = {
					1ED0371A256C674E00548CDE = {
						CreatedOnToolsVersion = 12.2;
					};
				};
			};
			buildConfigurationList = 1ED03716256C674E00548CDE /* Build configuration list for PBXProject "FirrChat" */;
			compatibilityVersion = "Xcode 9.3";
			developmentRegion = en;
			hasScannedForEncodings = 0;
			knownRegions = (
				en,
				Base,
			);
			mainGroup = 1ED03712256C674E00548CDE;
			productRefGroup = 1ED0371C256C674E00548CDE /* Products */;
			projectDirPath = "";
			projectRoot = "";
			targets = (
				1ED0371A256C674E00548CDE /* FirrChat */,
			);
		};
/* End PBXProject section */

/* Begin PBXResourcesBuildPhase section */
		1ED03719256C674E00548CDE /* Resources */ = {
			isa = PBXResourcesBuildPhase;
			buildActionMask = 2147483647;
			files = (
				1ED0372B256C675300548CDE /* LaunchScreen.storyboard in Resources */,
				1ED03728256C675300548CDE /* Assets.xcassets in Resources */,
				1ED03726256C674E00548CDE /* Main.storyboard in Resources */,
			);
			runOnlyForDeploymentPostprocessing = 0;
		};
/* End PBXResourcesBuildPhase section */

/* Begin PBXSourcesBuildPhase section */
		1ED03717256C674E00548CDE /* Sources */ = {
			isa = PBXSourcesBuildPhase;
			buildActionMask = 2147483647;
			files = (
				1ED03742256C72E400548CDE /* PhotoViewViewController.swift in Sources */,
				1ED0373B256C72AF00548CDE /* LoginViewController.swift in Sources */,
				1ED03748256C731100548CDE /* NewConversationViewController.swift in Sources */,
				1ED0373F256C72C000548CDE /* RegisterViewController.swift in Sources */,
				1ED03745256C72F700548CDE /* VideoPlayerViewController.swift in Sources */,
				1ED03723256C674E00548CDE /* ConversationsViewController.swift in Sources */,
				1ED0374B256C731D00548CDE /* ProfileViewController.swift in Sources */,
				1ED0371F256C674E00548CDE /* AppDelegate.swift in Sources */,
				1ED03721256C674E00548CDE /* SceneDelegate.swift in Sources */,
			);
			runOnlyForDeploymentPostprocessing = 0;
		};
/* End PBXSourcesBuildPhase section */

/* Begin PBXVariantGroup section */
		1ED03724256C674E00548CDE /* Main.storyboard */ = {
			isa = PBXVariantGroup;
			children = (
				1ED03725256C674E00548CDE /* Base */,
			);
			name = Main.storyboard;
			sourceTree = "<group>";
		};
		1ED03729256C675300548CDE /* LaunchScreen.storyboard */ = {
			isa = PBXVariantGroup;
			children = (
				1ED0372A256C675300548CDE /* Base */,
			);
			name = LaunchScreen.storyboard;
			sourceTree = "<group>";
		};
/* End PBXVariantGroup section */

/* Begin XCBuildConfiguration section */
		1ED0372D256C675300548CDE /* Debug */ = {
			isa = XCBuildConfiguration;
			buildSettings = {
				ALWAYS_SEARCH_USER_PATHS = NO;
				CLANG_ANALYZER_NONNULL = YES;
				CLANG_ANALYZER_NUMBER_OBJECT_CONVERSION = YES_AGGRESSIVE;
				CLANG_CXX_LANGUAGE_STANDARD = "gnu++14";
				CLANG_CXX_LIBRARY = "libc++";
				CLANG_ENABLE_MODULES = YES;
				CLANG_ENABLE_OBJC_ARC = YES;
				CLANG_ENABLE_OBJC_WEAK = YES;
				CLANG_WARN_BLOCK_CAPTURE_AUTORELEASING = YES;
				CLANG_WARN_BOOL_CONVERSION = YES;
				CLANG_WARN_COMMA = YES;
				CLANG_WARN_CONSTANT_CONVERSION = YES;
				CLANG_WARN_DEPRECATED_OBJC_IMPLEMENTATIONS = YES;
				CLANG_WARN_DIRECT_OBJC_ISA_USAGE = YES_ERROR;
				CLANG_WARN_DOCUMENTATION_COMMENTS = YES;
				CLANG_WARN_EMPTY_BODY = YES;
				CLANG_WARN_ENUM_CONVERSION = YES;
				CLANG_WARN_INFINITE_RECURSION = YES;
				CLANG_WARN_INT_CONVERSION = YES;
				CLANG_WARN_NON_LITERAL_NULL_CONVERSION = YES;
				CLANG_WARN_OBJC_IMPLICIT_RETAIN_SELF = YES;
				CLANG_WARN_OBJC_LITERAL_CONVERSION = YES;
				CLANG_WARN_OBJC_ROOT_CLASS = YES_ERROR;
				CLANG_WARN_QUOTED_INCLUDE_IN_FRAMEWORK_HEADER = YES;
				CLANG_WARN_RANGE_LOOP_ANALYSIS = YES;
				CLANG_WARN_STRICT_PROTOTYPES = YES;
				CLANG_WARN_SUSPICIOUS_MOVE = YES;
				CLANG_WARN_UNGUARDED_AVAILABILITY = YES_AGGRESSIVE;
				CLANG_WARN_UNREACHABLE_CODE = YES;
				CLANG_WARN__DUPLICATE_METHOD_MATCH = YES;
				COPY_PHASE_STRIP = NO;
				DEBUG_INFORMATION_FORMAT = dwarf;
				ENABLE_STRICT_OBJC_MSGSEND = YES;
				ENABLE_TESTABILITY = YES;
				GCC_C_LANGUAGE_STANDARD = gnu11;
				GCC_DYNAMIC_NO_PIC = NO;
				GCC_NO_COMMON_BLOCKS = YES;
				GCC_OPTIMIZATION_LEVEL = 0;
				GCC_PREPROCESSOR_DEFINITIONS = (
					"DEBUG=1",
					"$(inherited)",
				);
				GCC_WARN_64_TO_32_BIT_CONVERSION = YES;
				GCC_WARN_ABOUT_RETURN_TYPE = YES_ERROR;
				GCC_WARN_UNDECLARED_SELECTOR = YES;
				GCC_WARN_UNINITIALIZED_AUTOS = YES_AGGRESSIVE;
				GCC_WARN_UNUSED_FUNCTION = YES;
				GCC_WARN_UNUSED_VARIABLE = YES;
				IPHONEOS_DEPLOYMENT_TARGET = 14.2;
				MTL_ENABLE_DEBUG_INFO = INCLUDE_SOURCE;
				MTL_FAST_MATH = YES;
				ONLY_ACTIVE_ARCH = YES;
				SDKROOT = iphoneos;
				SWIFT_ACTIVE_COMPILATION_CONDITIONS = DEBUG;
				SWIFT_OPTIMIZATION_LEVEL = "-Onone";
			};
			name = Debug;
		};
		1ED0372E256C675300548CDE /* Release */ = {
			isa = XCBuildConfiguration;
			buildSettings = {
				ALWAYS_SEARCH_USER_PATHS = NO;
				CLANG_ANALYZER_NONNULL = YES;
				CLANG_ANALYZER_NUMBER_OBJECT_CONVERSION = YES_AGGRESSIVE;
				CLANG_CXX_LANGUAGE_STANDARD = "gnu++14";
				CLANG_CXX_LIBRARY = "libc++";
				CLANG_ENABLE_MODULES = YES;
				CLANG_ENABLE_OBJC_ARC = YES;
				CLANG_ENABLE_OBJC_WEAK = YES;
				CLANG_WARN_BLOCK_CAPTURE_AUTORELEASING = YES;
				CLANG_WARN_BOOL_CONVERSION = YES;
				CLANG_WARN_COMMA = YES;
				CLANG_WARN_CONSTANT_CONVERSION = YES;
				CLANG_WARN_DEPRECATED_OBJC_IMPLEMENTATIONS = YES;
				CLANG_WARN_DIRECT_OBJC_ISA_USAGE = YES_ERROR;
				CLANG_WARN_DOCUMENTATION_COMMENTS = YES;
				CLANG_WARN_EMPTY_BODY = YES;
				CLANG_WARN_ENUM_CONVERSION = YES;
				CLANG_WARN_INFINITE_RECURSION = YES;
				CLANG_WARN_INT_CONVERSION = YES;
				CLANG_WARN_NON_LITERAL_NULL_CONVERSION = YES;
				CLANG_WARN_OBJC_IMPLICIT_RETAIN_SELF = YES;
				CLANG_WARN_OBJC_LITERAL_CONVERSION = YES;
				CLANG_WARN_OBJC_ROOT_CLASS = YES_ERROR;
				CLANG_WARN_QUOTED_INCLUDE_IN_FRAMEWORK_HEADER = YES;
				CLANG_WARN_RANGE_LOOP_ANALYSIS = YES;
				CLANG_WARN_STRICT_PROTOTYPES = YES;
				CLANG_WARN_SUSPICIOUS_MOVE = YES;
				CLANG_WARN_UNGUARDED_AVAILABILITY = YES_AGGRESSIVE;
				CLANG_WARN_UNREACHABLE_CODE = YES;
				CLANG_WARN__DUPLICATE_METHOD_MATCH = YES;
				COPY_PHASE_STRIP = NO;
				DEBUG_INFORMATION_FORMAT = "dwarf-with-dsym";
				ENABLE_NS_ASSERTIONS = NO;
				ENABLE_STRICT_OBJC_MSGSEND = YES;
				GCC_C_LANGUAGE_STANDARD = gnu11;
				GCC_NO_COMMON_BLOCKS = YES;
				GCC_WARN_64_TO_32_BIT_CONVERSION = YES;
				GCC_WARN_ABOUT_RETURN_TYPE = YES_ERROR;
				GCC_WARN_UNDECLARED_SELECTOR = YES;
				GCC_WARN_UNINITIALIZED_AUTOS = YES_AGGRESSIVE;
				GCC_WARN_UNUSED_FUNCTION = YES;
				GCC_WARN_UNUSED_VARIABLE = YES;
				IPHONEOS_DEPLOYMENT_TARGET = 14.2;
				MTL_ENABLE_DEBUG_INFO = NO;
				MTL_FAST_MATH = YES;
				SDKROOT = iphoneos;
				SWIFT_COMPILATION_MODE = wholemodule;
				SWIFT_OPTIMIZATION_LEVEL = "-O";
				VALIDATE_PRODUCT = YES;
			};
			name = Release;
		};
		1ED03730256C675300548CDE /* Debug */ = {
			isa = XCBuildConfiguration;
			buildSettings = {
				ASSETCATALOG_COMPILER_APPICON_NAME = AppIcon;
				ASSETCATALOG_COMPILER_GLOBAL_ACCENT_COLOR_NAME = AccentColor;
				CODE_SIGN_STYLE = Automatic;
				DEVELOPMENT_TEAM = JA7JN58M85;
				INFOPLIST_FILE = FirrChat/Info.plist;
				LD_RUNPATH_SEARCH_PATHS = (
					"$(inherited)",
					"@executable_path/Frameworks",
				);
				PRODUCT_BUNDLE_IDENTIFIER = com.themrhinos.FirrChat;
				PRODUCT_NAME = "$(TARGET_NAME)";
				SWIFT_VERSION = 5.0;
				TARGETED_DEVICE_FAMILY = "1,2";
			};
			name = Debug;
		};
		1ED03731256C675300548CDE /* Release */ = {
			isa = XCBuildConfiguration;
			buildSettings = {
				ASSETCATALOG_COMPILER_APPICON_NAME = AppIcon;
				ASSETCATALOG_COMPILER_GLOBAL_ACCENT_COLOR_NAME = AccentColor;
				CODE_SIGN_STYLE = Automatic;
				DEVELOPMENT_TEAM = JA7JN58M85;
				INFOPLIST_FILE = FirrChat/Info.plist;
				LD_RUNPATH_SEARCH_PATHS = (
					"$(inherited)",
					"@executable_path/Frameworks",
				);
				PRODUCT_BUNDLE_IDENTIFIER = com.themrhinos.FirrChat;
				PRODUCT_NAME = "$(TARGET_NAME)";
				SWIFT_VERSION = 5.0;
				TARGETED_DEVICE_FAMILY = "1,2";
			};
			name = Release;
		};
/* End XCBuildConfiguration section */

/* Begin XCConfigurationList section */
		1ED03716256C674E00548CDE /* Build configuration list for PBXProject "FirrChat" */ = {
			isa = XCConfigurationList;
			buildConfigurations = (
				1ED0372D256C675300548CDE /* Debug */,
				1ED0372E256C675300548CDE /* Release */,
			);
			defaultConfigurationIsVisible = 0;
			defaultConfigurationName = Release;
		};
		1ED0372F256C675300548CDE /* Build configuration list for PBXNativeTarget "FirrChat" */ = {
			isa = XCConfigurationList;
			buildConfigurations = (
				1ED03730256C675300548CDE /* Debug */,
				1ED03731256C675300548CDE /* Release */,
			);
			defaultConfigurationIsVisible = 0;
			defaultConfigurationName = Release;
		};
/* End XCConfigurationList section */
	};
	rootObject = 1ED03713256C674E00548CDE /* Project object */;
}
