// !$*UTF8*$!
{
	archiveVersion = 1;
	classes = {
	};
	objectVersion = 55;
	objects = {

/* Begin PBXBuildFile section */
		1ED5510327D96AA000BC6DBF /* SixTryApp.swift in Sources */ = {isa = PBXBuildFile; fileRef = 1ED5510227D96AA000BC6DBF /* SixTryApp.swift */; };
		1ED5510527D96AA000BC6DBF /* GameView.swift in Sources */ = {isa = PBXBuildFile; fileRef = 1ED5510427D96AA000BC6DBF /* GameView.swift */; };
		1ED5510727D96AA100BC6DBF /* Assets.xcassets in Resources */ = {isa = PBXBuildFile; fileRef = 1ED5510627D96AA100BC6DBF /* Assets.xcassets */; };
		1ED5510A27D96AA100BC6DBF /* Preview Assets.xcassets in Resources */ = {isa = PBXBuildFile; fileRef = 1ED5510927D96AA100BC6DBF /* Preview Assets.xcassets */; };
		1ED5511127D96C7100BC6DBF /* Launch Screen.storyboard in Resources */ = {isa = PBXBuildFile; fileRef = 1ED5511027D96C7100BC6DBF /* Launch Screen.storyboard */; };
		1ED5511427D9703A00BC6DBF /* Color+Extension.swift in Sources */ = {isa = PBXBuildFile; fileRef = 1ED5511327D9703A00BC6DBF /* Color+Extension.swift */; };
		1ED5511727D970E900BC6DBF /* Guess.swift in Sources */ = {isa = PBXBuildFile; fileRef = 1ED5511627D970E900BC6DBF /* Guess.swift */; };
		1ED5511A27D9719D00BC6DBF /* GuessView.swift in Sources */ = {isa = PBXBuildFile; fileRef = 1ED5511927D9719D00BC6DBF /* GuessView.swift */; };
		1ED5511C27D9729500BC6DBF /* SixTryDataModel.swift in Sources */ = {isa = PBXBuildFile; fileRef = 1ED5511B27D9729500BC6DBF /* SixTryDataModel.swift */; };
		1ED5511F27D9735F00BC6DBF /* Global.swift in Sources */ = {isa = PBXBuildFile; fileRef = 1ED5511E27D9735F00BC6DBF /* Global.swift */; };
		1ED5512127D976BE00BC6DBF /* LetterButtonView.swift in Sources */ = {isa = PBXBuildFile; fileRef = 1ED5512027D976BE00BC6DBF /* LetterButtonView.swift */; };
		1ED5512327D977BB00BC6DBF /* Keyboard.swift in Sources */ = {isa = PBXBuildFile; fileRef = 1ED5512227D977BB00BC6DBF /* Keyboard.swift */; };
		1ED5512627D982BC00BC6DBF /* Shake.swift in Sources */ = {isa = PBXBuildFile; fileRef = 1ED5512527D982BC00BC6DBF /* Shake.swift */; };
/* End PBXBuildFile section */

/* Begin PBXFileReference section */
		1ED550FF27D96AA000BC6DBF /* SixTry.app */ = {isa = PBXFileReference; explicitFileType = wrapper.application; includeInIndex = 0; path = SixTry.app; sourceTree = BUILT_PRODUCTS_DIR; };
		1ED5510227D96AA000BC6DBF /* SixTryApp.swift */ = {isa = PBXFileReference; lastKnownFileType = sourcecode.swift; path = SixTryApp.swift; sourceTree = "<group>"; };
		1ED5510427D96AA000BC6DBF /* GameView.swift */ = {isa = PBXFileReference; lastKnownFileType = sourcecode.swift; path = GameView.swift; sourceTree = "<group>"; };
		1ED5510627D96AA100BC6DBF /* Assets.xcassets */ = {isa = PBXFileReference; lastKnownFileType = folder.assetcatalog; path = Assets.xcassets; sourceTree = "<group>"; };
		1ED5510927D96AA100BC6DBF /* Preview Assets.xcassets */ = {isa = PBXFileReference; lastKnownFileType = folder.assetcatalog; path = "Preview Assets.xcassets"; sourceTree = "<group>"; };
		1ED5511027D96C7100BC6DBF /* Launch Screen.storyboard */ = {isa = PBXFileReference; lastKnownFileType = file.storyboard; path = "Launch Screen.storyboard"; sourceTree = "<group>"; };
		1ED5511327D9703A00BC6DBF /* Color+Extension.swift */ = {isa = PBXFileReference; lastKnownFileType = sourcecode.swift; path = "Color+Extension.swift"; sourceTree = "<group>"; };
		1ED5511627D970E900BC6DBF /* Guess.swift */ = {isa = PBXFileReference; lastKnownFileType = sourcecode.swift; path = Guess.swift; sourceTree = "<group>"; };
		1ED5511927D9719D00BC6DBF /* GuessView.swift */ = {isa = PBXFileReference; lastKnownFileType = sourcecode.swift; path = GuessView.swift; sourceTree = "<group>"; };
		1ED5511B27D9729500BC6DBF /* SixTryDataModel.swift */ = {isa = PBXFileReference; lastKnownFileType = sourcecode.swift; path = SixTryDataModel.swift; sourceTree = "<group>"; };
		1ED5511E27D9735F00BC6DBF /* Global.swift */ = {isa = PBXFileReference; lastKnownFileType = sourcecode.swift; path = Global.swift; sourceTree = "<group>"; };
		1ED5512027D976BE00BC6DBF /* LetterButtonView.swift */ = {isa = PBXFileReference; lastKnownFileType = sourcecode.swift; path = LetterButtonView.swift; sourceTree = "<group>"; };
		1ED5512227D977BB00BC6DBF /* Keyboard.swift */ = {isa = PBXFileReference; lastKnownFileType = sourcecode.swift; path = Keyboard.swift; sourceTree = "<group>"; };
		1ED5512527D982BC00BC6DBF /* Shake.swift */ = {isa = PBXFileReference; lastKnownFileType = sourcecode.swift; path = Shake.swift; sourceTree = "<group>"; };
/* End PBXFileReference section */

/* Begin PBXFrameworksBuildPhase section */
		1ED550FC27D96AA000BC6DBF /* Frameworks */ = {
			isa = PBXFrameworksBuildPhase;
			buildActionMask = 2147483647;
			files = (
			);
			runOnlyForDeploymentPostprocessing = 0;
		};
/* End PBXFrameworksBuildPhase section */

/* Begin PBXGroup section */
		1ED550F627D96AA000BC6DBF = {
			isa = PBXGroup;
			children = (
				1ED5510127D96AA000BC6DBF /* SixTry */,
				1ED5510027D96AA000BC6DBF /* Products */,
			);
			sourceTree = "<group>";
		};
		1ED5510027D96AA000BC6DBF /* Products */ = {
			isa = PBXGroup;
			children = (
				1ED550FF27D96AA000BC6DBF /* SixTry.app */,
			);
			name = Products;
			sourceTree = "<group>";
		};
		1ED5510127D96AA000BC6DBF /* SixTry */ = {
			isa = PBXGroup;
			children = (
				1ED5510227D96AA000BC6DBF /* SixTryApp.swift */,
				1ED5512427D982A900BC6DBF /* Animations */,
				1ED5511827D9718D00BC6DBF /* Views */,
				1ED5511527D970DE00BC6DBF /* Models */,
				1ED5511D27D9729B00BC6DBF /* ViewModels */,
				1ED5511227D9701E00BC6DBF /* Extensions */,
				1ED5510627D96AA100BC6DBF /* Assets.xcassets */,
				1ED5511027D96C7100BC6DBF /* Launch Screen.storyboard */,
				1ED5510827D96AA100BC6DBF /* Preview Content */,
			);
			path = SixTry;
			sourceTree = "<group>";
		};
		1ED5510827D96AA100BC6DBF /* Preview Content */ = {
			isa = PBXGroup;
			children = (
				1ED5510927D96AA100BC6DBF /* Preview Assets.xcassets */,
			);
			path = "Preview Content";
			sourceTree = "<group>";
		};
		1ED5511227D9701E00BC6DBF /* Extensions */ = {
			isa = PBXGroup;
			children = (
				1ED5511327D9703A00BC6DBF /* Color+Extension.swift */,
			);
			path = Extensions;
			sourceTree = "<group>";
		};
		1ED5511527D970DE00BC6DBF /* Models */ = {
			isa = PBXGroup;
			children = (
				1ED5511627D970E900BC6DBF /* Guess.swift */,
				1ED5511E27D9735F00BC6DBF /* Global.swift */,
			);
			path = Models;
			sourceTree = "<group>";
		};
		1ED5511827D9718D00BC6DBF /* Views */ = {
			isa = PBXGroup;
			children = (
				1ED5510427D96AA000BC6DBF /* GameView.swift */,
				1ED5511927D9719D00BC6DBF /* GuessView.swift */,
				1ED5512027D976BE00BC6DBF /* LetterButtonView.swift */,
				1ED5512227D977BB00BC6DBF /* Keyboard.swift */,
			);
			path = Views;
			sourceTree = "<group>";
		};
		1ED5511D27D9729B00BC6DBF /* ViewModels */ = {
			isa = PBXGroup;
			children = (
				1ED5511B27D9729500BC6DBF /* SixTryDataModel.swift */,
			);
			path = ViewModels;
			sourceTree = "<group>";
		};
		1ED5512427D982A900BC6DBF /* Animations */ = {
			isa = PBXGroup;
			children = (
				1ED5512527D982BC00BC6DBF /* Shake.swift */,
			);
			path = Animations;
			sourceTree = "<group>";
		};
/* End PBXGroup section */

/* Begin PBXNativeTarget section */
		1ED550FE27D96AA000BC6DBF /* SixTry */ = {
			isa = PBXNativeTarget;
			buildConfigurationList = 1ED5510D27D96AA100BC6DBF /* Build configuration list for PBXNativeTarget "SixTry" */;
			buildPhases = (
				1ED550FB27D96AA000BC6DBF /* Sources */,
				1ED550FC27D96AA000BC6DBF /* Frameworks */,
				1ED550FD27D96AA000BC6DBF /* Resources */,
			);
			buildRules = (
			);
			dependencies = (
			);
			name = SixTry;
			productName = SixTry;
			productReference = 1ED550FF27D96AA000BC6DBF /* SixTry.app */;
			productType = "com.apple.product-type.application";
		};
/* End PBXNativeTarget section */

/* Begin PBXProject section */
		1ED550F727D96AA000BC6DBF /* Project object */ = {
			isa = PBXProject;
			attributes = {
				BuildIndependentTargetsInParallel = 1;
				LastSwiftUpdateCheck = 1330;
				LastUpgradeCheck = 1330;
				TargetAttributes = {
					1ED550FE27D96AA000BC6DBF = {
						CreatedOnToolsVersion = 13.3;
					};
				};
			};
			buildConfigurationList = 1ED550FA27D96AA000BC6DBF /* Build configuration list for PBXProject "SixTry" */;
			compatibilityVersion = "Xcode 13.0";
			developmentRegion = en;
			hasScannedForEncodings = 0;
			knownRegions = (
				en,
				Base,
			);
			mainGroup = 1ED550F627D96AA000BC6DBF;
			productRefGroup = 1ED5510027D96AA000BC6DBF /* Products */;
			projectDirPath = "";
			projectRoot = "";
			targets = (
				1ED550FE27D96AA000BC6DBF /* SixTry */,
			);
		};
/* End PBXProject section */

/* Begin PBXResourcesBuildPhase section */
		1ED550FD27D96AA000BC6DBF /* Resources */ = {
			isa = PBXResourcesBuildPhase;
			buildActionMask = 2147483647;
			files = (
				1ED5511127D96C7100BC6DBF /* Launch Screen.storyboard in Resources */,
				1ED5510A27D96AA100BC6DBF /* Preview Assets.xcassets in Resources */,
				1ED5510727D96AA100BC6DBF /* Assets.xcassets in Resources */,
			);
			runOnlyForDeploymentPostprocessing = 0;
		};
/* End PBXResourcesBuildPhase section */

/* Begin PBXSourcesBuildPhase section */
		1ED550FB27D96AA000BC6DBF /* Sources */ = {
			isa = PBXSourcesBuildPhase;
			buildActionMask = 2147483647;
			files = (
				1ED5512127D976BE00BC6DBF /* LetterButtonView.swift in Sources */,
				1ED5511C27D9729500BC6DBF /* SixTryDataModel.swift in Sources */,
				1ED5510527D96AA000BC6DBF /* GameView.swift in Sources */,
				1ED5511A27D9719D00BC6DBF /* GuessView.swift in Sources */,
				1ED5512327D977BB00BC6DBF /* Keyboard.swift in Sources */,
				1ED5511727D970E900BC6DBF /* Guess.swift in Sources */,
				1ED5512627D982BC00BC6DBF /* Shake.swift in Sources */,
				1ED5511427D9703A00BC6DBF /* Color+Extension.swift in Sources */,
				1ED5510327D96AA000BC6DBF /* SixTryApp.swift in Sources */,
				1ED5511F27D9735F00BC6DBF /* Global.swift in Sources */,
			);
			runOnlyForDeploymentPostprocessing = 0;
		};
/* End PBXSourcesBuildPhase section */

/* Begin XCBuildConfiguration section */
		1ED5510B27D96AA100BC6DBF /* Debug */ = {
			isa = XCBuildConfiguration;
			buildSettings = {
				ALWAYS_SEARCH_USER_PATHS = NO;
				CLANG_ANALYZER_NONNULL = YES;
				CLANG_ANALYZER_NUMBER_OBJECT_CONVERSION = YES_AGGRESSIVE;
				CLANG_CXX_LANGUAGE_STANDARD = "gnu++17";
				CLANG_ENABLE_MODULES = YES;
				CLANG_ENABLE_OBJC_ARC = YES;
				CLANG_ENABLE_OBJC_WEAK = YES;
				CLANG_WARN_BLOCK_CAPTURE_AUTORELEASING = YES;
				CLANG_WARN_BOOL_CONVERSION = YES;
				CLANG_WARN_COMMA = YES;
				CLANG_WARN_CONSTANT_CONVERSION = YES;
				CLANG_WARN_DEPRECATED_OBJC_IMPLEMENTATIONS = YES;
				CLANG_WARN_DIRECT_OBJC_ISA_USAGE = YES_ERROR;
				CLANG_WARN_DOCUMENTATION_COMMENTS = YES;
				CLANG_WARN_EMPTY_BODY = YES;
				CLANG_WARN_ENUM_CONVERSION = YES;
				CLANG_WARN_INFINITE_RECURSION = YES;
				CLANG_WARN_INT_CONVERSION = YES;
				CLANG_WARN_NON_LITERAL_NULL_CONVERSION = YES;
				CLANG_WARN_OBJC_IMPLICIT_RETAIN_SELF = YES;
				CLANG_WARN_OBJC_LITERAL_CONVERSION = YES;
				CLANG_WARN_OBJC_ROOT_CLASS = YES_ERROR;
				CLANG_WARN_QUOTED_INCLUDE_IN_FRAMEWORK_HEADER = YES;
				CLANG_WARN_RANGE_LOOP_ANALYSIS = YES;
				CLANG_WARN_STRICT_PROTOTYPES = YES;
				CLANG_WARN_SUSPICIOUS_MOVE = YES;
				CLANG_WARN_UNGUARDED_AVAILABILITY = YES_AGGRESSIVE;
				CLANG_WARN_UNREACHABLE_CODE = YES;
				CLANG_WARN__DUPLICATE_METHOD_MATCH = YES;
				COPY_PHASE_STRIP = NO;
				DEBUG_INFORMATION_FORMAT = dwarf;
				ENABLE_STRICT_OBJC_MSGSEND = YES;
				ENABLE_TESTABILITY = YES;
				GCC_C_LANGUAGE_STANDARD = gnu11;
				GCC_DYNAMIC_NO_PIC = NO;
				GCC_NO_COMMON_BLOCKS = YES;
				GCC_OPTIMIZATION_LEVEL = 0;
				GCC_PREPROCESSOR_DEFINITIONS = (
					"DEBUG=1",
					"$(inherited)",
				);
				GCC_WARN_64_TO_32_BIT_CONVERSION = YES;
				GCC_WARN_ABOUT_RETURN_TYPE = YES_ERROR;
				GCC_WARN_UNDECLARED_SELECTOR = YES;
				GCC_WARN_UNINITIALIZED_AUTOS = YES_AGGRESSIVE;
				GCC_WARN_UNUSED_FUNCTION = YES;
				GCC_WARN_UNUSED_VARIABLE = YES;
				IPHONEOS_DEPLOYMENT_TARGET = 15.4;
				MTL_ENABLE_DEBUG_INFO = INCLUDE_SOURCE;
				MTL_FAST_MATH = YES;
				ONLY_ACTIVE_ARCH = YES;
				SDKROOT = iphoneos;
				SWIFT_ACTIVE_COMPILATION_CONDITIONS = DEBUG;
				SWIFT_OPTIMIZATION_LEVEL = "-Onone";
			};
			name = Debug;
		};
		1ED5510C27D96AA100BC6DBF /* Release */ = {
			isa = XCBuildConfiguration;
			buildSettings = {
				ALWAYS_SEARCH_USER_PATHS = NO;
				CLANG_ANALYZER_NONNULL = YES;
				CLANG_ANALYZER_NUMBER_OBJECT_CONVERSION = YES_AGGRESSIVE;
				CLANG_CXX_LANGUAGE_STANDARD = "gnu++17";
				CLANG_ENABLE_MODULES = YES;
				CLANG_ENABLE_OBJC_ARC = YES;
				CLANG_ENABLE_OBJC_WEAK = YES;
				CLANG_WARN_BLOCK_CAPTURE_AUTORELEASING = YES;
				CLANG_WARN_BOOL_CONVERSION = YES;
				CLANG_WARN_COMMA = YES;
				CLANG_WARN_CONSTANT_CONVERSION = YES;
				CLANG_WARN_DEPRECATED_OBJC_IMPLEMENTATIONS = YES;
				CLANG_WARN_DIRECT_OBJC_ISA_USAGE = YES_ERROR;
				CLANG_WARN_DOCUMENTATION_COMMENTS = YES;
				CLANG_WARN_EMPTY_BODY = YES;
				CLANG_WARN_ENUM_CONVERSION = YES;
				CLANG_WARN_INFINITE_RECURSION = YES;
				CLANG_WARN_INT_CONVERSION = YES;
				CLANG_WARN_NON_LITERAL_NULL_CONVERSION = YES;
				CLANG_WARN_OBJC_IMPLICIT_RETAIN_SELF = YES;
				CLANG_WARN_OBJC_LITERAL_CONVERSION = YES;
				CLANG_WARN_OBJC_ROOT_CLASS = YES_ERROR;
				CLANG_WARN_QUOTED_INCLUDE_IN_FRAMEWORK_HEADER = YES;
				CLANG_WARN_RANGE_LOOP_ANALYSIS = YES;
				CLANG_WARN_STRICT_PROTOTYPES = YES;
				CLANG_WARN_SUSPICIOUS_MOVE = YES;
				CLANG_WARN_UNGUARDED_AVAILABILITY = YES_AGGRESSIVE;
				CLANG_WARN_UNREACHABLE_CODE = YES;
				CLANG_WARN__DUPLICATE_METHOD_MATCH = YES;
				COPY_PHASE_STRIP = NO;
				DEBUG_INFORMATION_FORMAT = "dwarf-with-dsym";
				ENABLE_NS_ASSERTIONS = NO;
				ENABLE_STRICT_OBJC_MSGSEND = YES;
				GCC_C_LANGUAGE_STANDARD = gnu11;
				GCC_NO_COMMON_BLOCKS = YES;
				GCC_WARN_64_TO_32_BIT_CONVERSION = YES;
				GCC_WARN_ABOUT_RETURN_TYPE = YES_ERROR;
				GCC_WARN_UNDECLARED_SELECTOR = YES;
				GCC_WARN_UNINITIALIZED_AUTOS = YES_AGGRESSIVE;
				GCC_WARN_UNUSED_FUNCTION = YES;
				GCC_WARN_UNUSED_VARIABLE = YES;
				IPHONEOS_DEPLOYMENT_TARGET = 15.4;
				MTL_ENABLE_DEBUG_INFO = NO;
				MTL_FAST_MATH = YES;
				SDKROOT = iphoneos;
				SWIFT_COMPILATION_MODE = wholemodule;
				SWIFT_OPTIMIZATION_LEVEL = "-O";
				VALIDATE_PRODUCT = YES;
			};
			name = Release;
		};
		1ED5510E27D96AA100BC6DBF /* Debug */ = {
			isa = XCBuildConfiguration;
			buildSettings = {
				ASSETCATALOG_COMPILER_APPICON_NAME = AppIcon;
				ASSETCATALOG_COMPILER_GLOBAL_ACCENT_COLOR_NAME = AccentColor;
				CODE_SIGN_STYLE = Automatic;
				CURRENT_PROJECT_VERSION = 1;
				DEVELOPMENT_ASSET_PATHS = "\"SixTry/Preview Content\"";
				DEVELOPMENT_TEAM = XW3YJZ5VVY;
				ENABLE_PREVIEWS = YES;
				GENERATE_INFOPLIST_FILE = YES;
				INFOPLIST_KEY_UIApplicationSceneManifest_Generation = YES;
				INFOPLIST_KEY_UIApplicationSupportsIndirectInputEvents = YES;
				INFOPLIST_KEY_UILaunchScreen_Generation = YES;
				INFOPLIST_KEY_UILaunchStoryboardName = "Launch Screen";
				INFOPLIST_KEY_UIRequiresFullScreen = YES;
				INFOPLIST_KEY_UISupportedInterfaceOrientations = UIInterfaceOrientationPortrait;
				INFOPLIST_KEY_UISupportedInterfaceOrientations_iPad = "UIInterfaceOrientationPortrait UIInterfaceOrientationPortraitUpsideDown UIInterfaceOrientationLandscapeLeft UIInterfaceOrientationLandscapeRight";
				INFOPLIST_KEY_UISupportedInterfaceOrientations_iPhone = UIInterfaceOrientationPortrait;
				LD_RUNPATH_SEARCH_PATHS = (
					"$(inherited)",
					"@executable_path/Frameworks",
				);
				MARKETING_VERSION = 1.0;
				PRODUCT_BUNDLE_IDENTIFIER = com.themrhinos.SixTry;
				PRODUCT_NAME = "$(TARGET_NAME)";
				SWIFT_EMIT_LOC_STRINGS = YES;
				SWIFT_VERSION = 5.0;
				TARGETED_DEVICE_FAMILY = "1,2";
			};
			name = Debug;
		};
		1ED5510F27D96AA100BC6DBF /* Release */ = {
			isa = XCBuildConfiguration;
			buildSettings = {
				ASSETCATALOG_COMPILER_APPICON_NAME = AppIcon;
				ASSETCATALOG_COMPILER_GLOBAL_ACCENT_COLOR_NAME = AccentColor;
				CODE_SIGN_STYLE = Automatic;
				CURRENT_PROJECT_VERSION = 1;
				DEVELOPMENT_ASSET_PATHS = "\"SixTry/Preview Content\"";
				DEVELOPMENT_TEAM = XW3YJZ5VVY;
				ENABLE_PREVIEWS = YES;
				GENERATE_INFOPLIST_FILE = YES;
				INFOPLIST_KEY_UIApplicationSceneManifest_Generation = YES;
				INFOPLIST_KEY_UIApplicationSupportsIndirectInputEvents = YES;
				INFOPLIST_KEY_UILaunchScreen_Generation = YES;
				INFOPLIST_KEY_UILaunchStoryboardName = "Launch Screen";
				INFOPLIST_KEY_UIRequiresFullScreen = YES;
				INFOPLIST_KEY_UISupportedInterfaceOrientations = UIInterfaceOrientationPortrait;
				INFOPLIST_KEY_UISupportedInterfaceOrientations_iPad = "UIInterfaceOrientationPortrait UIInterfaceOrientationPortraitUpsideDown UIInterfaceOrientationLandscapeLeft UIInterfaceOrientationLandscapeRight";
				INFOPLIST_KEY_UISupportedInterfaceOrientations_iPhone = UIInterfaceOrientationPortrait;
				LD_RUNPATH_SEARCH_PATHS = (
					"$(inherited)",
					"@executable_path/Frameworks",
				);
				MARKETING_VERSION = 1.0;
				PRODUCT_BUNDLE_IDENTIFIER = com.themrhinos.SixTry;
				PRODUCT_NAME = "$(TARGET_NAME)";
				SWIFT_EMIT_LOC_STRINGS = YES;
				SWIFT_VERSION = 5.0;
				TARGETED_DEVICE_FAMILY = "1,2";
			};
			name = Release;
		};
/* End XCBuildConfiguration section */

/* Begin XCConfigurationList section */
		1ED550FA27D96AA000BC6DBF /* Build configuration list for PBXProject "SixTry" */ = {
			isa = XCConfigurationList;
			buildConfigurations = (
				1ED5510B27D96AA100BC6DBF /* Debug */,
				1ED5510C27D96AA100BC6DBF /* Release */,
			);
			defaultConfigurationIsVisible = 0;
			defaultConfigurationName = Release;
		};
		1ED5510D27D96AA100BC6DBF /* Build configuration list for PBXNativeTarget "SixTry" */ = {
			isa = XCConfigurationList;
			buildConfigurations = (
				1ED5510E27D96AA100BC6DBF /* Debug */,
				1ED5510F27D96AA100BC6DBF /* Release */,
			);
			defaultConfigurationIsVisible = 0;
			defaultConfigurationName = Release;
		};
/* End XCConfigurationList section */
	};
	rootObject = 1ED550F727D96AA000BC6DBF /* Project object */;
}
